// !$*UTF8*$!
{
	archiveVersion = 1;
	classes = {
	};
	objectVersion = 46;
	objects = {

/* Begin PBXBuildFile section */
		B13DC2A21A6AB76A0048B831 /* SWRevealViewController.m in Sources */ = {isa = PBXBuildFile; fileRef = B13DC2A11A6AB76A0048B831 /* SWRevealViewController.m */; };
		B1829D381A6A106800B08E2F /* main.m in Sources */ = {isa = PBXBuildFile; fileRef = B1829D371A6A106800B08E2F /* main.m */; };
		B1829D3B1A6A106800B08E2F /* AppDelegate.m in Sources */ = {isa = PBXBuildFile; fileRef = B1829D3A1A6A106800B08E2F /* AppDelegate.m */; };
		B1829D3E1A6A106800B08E2F /* FirstViewController.m in Sources */ = {isa = PBXBuildFile; fileRef = B1829D3D1A6A106800B08E2F /* FirstViewController.m */; };
		B1829D441A6A106800B08E2F /* Main.storyboard in Resources */ = {isa = PBXBuildFile; fileRef = B1829D421A6A106800B08E2F /* Main.storyboard */; };
		B1829D461A6A106800B08E2F /* Images.xcassets in Resources */ = {isa = PBXBuildFile; fileRef = B1829D451A6A106800B08E2F /* Images.xcassets */; };
		B1829D491A6A106800B08E2F /* LaunchScreen.xib in Resources */ = {isa = PBXBuildFile; fileRef = B1829D471A6A106800B08E2F /* LaunchScreen.xib */; };
		B1829D551A6A106800B08E2F /* WeGushTests.m in Sources */ = {isa = PBXBuildFile; fileRef = B1829D541A6A106800B08E2F /* WeGushTests.m */; };
		B1829D641A6A13FA00B08E2F /* NavigationViewController.m in Sources */ = {isa = PBXBuildFile; fileRef = B1829D631A6A13FA00B08E2F /* NavigationViewController.m */; };
		B1829D681A6A1D5200B08E2F /* gushEditViewController.m in Sources */ = {isa = PBXBuildFile; fileRef = B1829D671A6A1D5200B08E2F /* gushEditViewController.m */; };
		B1DF0D651A6ABC5D00220294 /* dataClass.m in Sources */ = {isa = PBXBuildFile; fileRef = B1DF0D641A6ABC5D00220294 /* dataClass.m */; };
		B1DF0D671A6ACC6A00220294 /* MessageUI.framework in Frameworks */ = {isa = PBXBuildFile; fileRef = B1DF0D661A6ACC6A00220294 /* MessageUI.framework */; };
		D708D5591ACB584B0044EAB5 /* about2ViewController.m in Sources */ = {isa = PBXBuildFile; fileRef = D708D5581ACB584B0044EAB5 /* about2ViewController.m */; };
		D70A04BD1A85B36A0006763A /* 640 X 960.png in Resources */ = {isa = PBXBuildFile; fileRef = D70A04BC1A85B36A0006763A /* 640 X 960.png */; };
		D70A04BF1A85B3780006763A /* 750 X 1334.png in Resources */ = {isa = PBXBuildFile; fileRef = D70A04BE1A85B3780006763A /* 750 X 1334.png */; };
		D70A04CE1A8AD5020006763A /* color.png in Resources */ = {isa = PBXBuildFile; fileRef = D70A04CD1A8AD5020006763A /* color.png */; };
		D70A04D11A8AE5E00006763A /* slideNavController.m in Sources */ = {isa = PBXBuildFile; fileRef = D70A04D01A8AE5E00006763A /* slideNavController.m */; };
		D70CEA3A1A9FE98600381109 /* initNavController.m in Sources */ = {isa = PBXBuildFile; fileRef = D70CEA391A9FE98600381109 /* initNavController.m */; };
		D7119E321A98041400457A5B /* 20p2x.png in Resources */ = {isa = PBXBuildFile; fileRef = D7119E2D1A98041400457A5B /* 20p2x.png */; };
		D7119E331A98041400457A5B /* 20p3x copy.png in Resources */ = {isa = PBXBuildFile; fileRef = D7119E2E1A98041400457A5B /* 20p3x copy.png */; };
		D7119E341A98041400457A5B /* 29p1x.png in Resources */ = {isa = PBXBuildFile; fileRef = D7119E2F1A98041400457A5B /* 29p1x.png */; };
		D7119E351A98041400457A5B /* 40p2x.png in Resources */ = {isa = PBXBuildFile; fileRef = D7119E301A98041400457A5B /* 40p2x.png */; };
		D7119E361A98041400457A5B /* 40p3x.png in Resources */ = {isa = PBXBuildFile; fileRef = D7119E311A98041400457A5B /* 40p3x.png */; };
		D71BFF631A85AE8300B48207 /* splash-640x960.png in Resources */ = {isa = PBXBuildFile; fileRef = D71BFF611A85AE8300B48207 /* splash-640x960.png */; };
		D71BFF641A85AE8300B48207 /* splash-750x1334.png in Resources */ = {isa = PBXBuildFile; fileRef = D71BFF621A85AE8300B48207 /* splash-750x1334.png */; };
		D71BFF6A1A85B03E00B48207 /* splashlogo.png in Resources */ = {isa = PBXBuildFile; fileRef = D71BFF691A85B03E00B48207 /* splashlogo.png */; };
		D721D4091A9E75FA007DE687 /* iPhone6.png in Resources */ = {isa = PBXBuildFile; fileRef = D721D4051A9E75FA007DE687 /* iPhone6.png */; };
		D721D40A1A9E75FA007DE687 /* iPhone5.png in Resources */ = {isa = PBXBuildFile; fileRef = D721D4061A9E75FA007DE687 /* iPhone5.png */; };
		D721D40B1A9E75FA007DE687 /* iPhone6plus.png in Resources */ = {isa = PBXBuildFile; fileRef = D721D4071A9E75FA007DE687 /* iPhone6plus.png */; };
		D721D40F1A9E9783007DE687 /* UIView+RoundedCorners.m in Sources */ = {isa = PBXBuildFile; fileRef = D721D40E1A9E9783007DE687 /* UIView+RoundedCorners.m */; };
		D727006E1A770DC0009CC549 /* SettingsTableViewController.m in Sources */ = {isa = PBXBuildFile; fileRef = D727006D1A770DC0009CC549 /* SettingsTableViewController.m */; };
		D72701081A788B44009CC549 /* doneViewController.m in Sources */ = {isa = PBXBuildFile; fileRef = D72701071A788B44009CC549 /* doneViewController.m */; };
		D727010D1A788F4E009CC549 /* sonsorWVViewController.m in Sources */ = {isa = PBXBuildFile; fileRef = D727010C1A788F4E009CC549 /* sonsorWVViewController.m */; };
		D72701101A789B46009CC549 /* doneNavViewController.m in Sources */ = {isa = PBXBuildFile; fileRef = D727010F1A789B46009CC549 /* doneNavViewController.m */; };
		D72701231A794FF4009CC549 /* libGoogleAnalyticsServices.a in Frameworks */ = {isa = PBXBuildFile; fileRef = D72701221A794FF4009CC549 /* libGoogleAnalyticsServices.a */; };
		D72701251A795014009CC549 /* CoreData.framework in Frameworks */ = {isa = PBXBuildFile; fileRef = D72701241A795014009CC549 /* CoreData.framework */; };
		D72701271A795025009CC549 /* SystemConfiguration.framework in Frameworks */ = {isa = PBXBuildFile; fileRef = D72701261A795025009CC549 /* SystemConfiguration.framework */; };
		D72701291A795046009CC549 /* libz.dylib in Frameworks */ = {isa = PBXBuildFile; fileRef = D72701281A795046009CC549 /* libz.dylib */; };
		D727012E1A79D67B009CC549 /* B&Wlogo.png in Resources */ = {isa = PBXBuildFile; fileRef = D727012D1A79D67B009CC549 /* B&Wlogo.png */; };
		D75C1BEB1AA1591C003D0E3B /* 29.png in Resources */ = {isa = PBXBuildFile; fileRef = D75C1BE41AA1591C003D0E3B /* 29.png */; };
		D75C1BEC1AA1591C003D0E3B /* 57.png in Resources */ = {isa = PBXBuildFile; fileRef = D75C1BE51AA1591C003D0E3B /* 57.png */; };
		D75C1BED1AA1591C003D0E3B /* 58.png in Resources */ = {isa = PBXBuildFile; fileRef = D75C1BE61AA1591C003D0E3B /* 58.png */; };
		D75C1BEE1AA1591C003D0E3B /* 80.png in Resources */ = {isa = PBXBuildFile; fileRef = D75C1BE71AA1591C003D0E3B /* 80.png */; };
		D75C1BEF1AA1591C003D0E3B /* 114.png in Resources */ = {isa = PBXBuildFile; fileRef = D75C1BE81AA1591C003D0E3B /* 114.png */; };
		D75C1BF01AA1591C003D0E3B /* 120.png in Resources */ = {isa = PBXBuildFile; fileRef = D75C1BE91AA1591C003D0E3B /* 120.png */; };
		D75C1BF11AA1591C003D0E3B /* 180.png in Resources */ = {isa = PBXBuildFile; fileRef = D75C1BEA1AA1591C003D0E3B /* 180.png */; };
		D75C1BF31AA15CA0003D0E3B /* iPhone4.png in Resources */ = {isa = PBXBuildFile; fileRef = D75C1BF21AA15CA0003D0E3B /* iPhone4.png */; };
		D7607DDD1AB249980042F642 /* MainLogo@3x.png in Resources */ = {isa = PBXBuildFile; fileRef = D7607DDB1AB249980042F642 /* MainLogo@3x.png */; };
		D7607DDE1AB249980042F642 /* MainLogo@2x.png in Resources */ = {isa = PBXBuildFile; fileRef = D7607DDC1AB249980042F642 /* MainLogo@2x.png */; };
		D7607DF01AB24CE50042F642 /* Rate@3x.png in Resources */ = {isa = PBXBuildFile; fileRef = D7607DE11AB24CE50042F642 /* Rate@3x.png */; };
		D7607DF11AB24CE50042F642 /* Share@3x.png in Resources */ = {isa = PBXBuildFile; fileRef = D7607DE21AB24CE50042F642 /* Share@3x.png */; };
		D7607DF21AB24CE50042F642 /* Share.png in Resources */ = {isa = PBXBuildFile; fileRef = D7607DE31AB24CE50042F642 /* Share.png */; };
		D7607DF31AB24CE50042F642 /* Settings@3x.png in Resources */ = {isa = PBXBuildFile; fileRef = D7607DE41AB24CE50042F642 /* Settings@3x.png */; };
		D7607DF41AB24CE50042F642 /* Feedback.png in Resources */ = {isa = PBXBuildFile; fileRef = D7607DE51AB24CE50042F642 /* Feedback.png */; };
		D7607DF51AB24CE50042F642 /* Settings.png in Resources */ = {isa = PBXBuildFile; fileRef = D7607DE61AB24CE50042F642 /* Settings.png */; };
		D7607DF61AB24CE50042F642 /* About@2x.png in Resources */ = {isa = PBXBuildFile; fileRef = D7607DE71AB24CE50042F642 /* About@2x.png */; };
		D7607DF71AB24CE50042F642 /* Share@2x.png in Resources */ = {isa = PBXBuildFile; fileRef = D7607DE81AB24CE50042F642 /* Share@2x.png */; };
		D7607DF81AB24CE50042F642 /* Rate.png in Resources */ = {isa = PBXBuildFile; fileRef = D7607DE91AB24CE50042F642 /* Rate.png */; };
		D7607DF91AB24CE50042F642 /* Feedback@2x.png in Resources */ = {isa = PBXBuildFile; fileRef = D7607DEA1AB24CE50042F642 /* Feedback@2x.png */; };
		D7607DFA1AB24CE50042F642 /* Settings@2x.png in Resources */ = {isa = PBXBuildFile; fileRef = D7607DEB1AB24CE50042F642 /* Settings@2x.png */; };
		D7607DFB1AB24CE50042F642 /* About.png in Resources */ = {isa = PBXBuildFile; fileRef = D7607DEC1AB24CE50042F642 /* About.png */; };
		D7607DFC1AB24CE50042F642 /* About@3x.png in Resources */ = {isa = PBXBuildFile; fileRef = D7607DED1AB24CE50042F642 /* About@3x.png */; };
		D7607DFD1AB24CE50042F642 /* Feedback@3x.png in Resources */ = {isa = PBXBuildFile; fileRef = D7607DEE1AB24CE50042F642 /* Feedback@3x.png */; };
		D7607DFE1AB24CE50042F642 /* Rate@2x.png in Resources */ = {isa = PBXBuildFile; fileRef = D7607DEF1AB24CE50042F642 /* Rate@2x.png */; };
		D7607E021AB24E840042F642 /* AboutScreenIcon@2x.png in Resources */ = {isa = PBXBuildFile; fileRef = D7607DFF1AB24E840042F642 /* AboutScreenIcon@2x.png */; };
		D7607E031AB24E840042F642 /* AboutScreenIcon@3x.png in Resources */ = {isa = PBXBuildFile; fileRef = D7607E001AB24E840042F642 /* AboutScreenIcon@3x.png */; };
		D7607E041AB24E840042F642 /* AboutScreenIcon.png in Resources */ = {isa = PBXBuildFile; fileRef = D7607E011AB24E840042F642 /* AboutScreenIcon.png */; };
		D7607E271AB279720042F642 /* MKAnnotationView+WebCache.m in Sources */ = {isa = PBXBuildFile; fileRef = D7607E071AB279720042F642 /* MKAnnotationView+WebCache.m */; };
		D7607E281AB279720042F642 /* NSData+ImageContentType.m in Sources */ = {isa = PBXBuildFile; fileRef = D7607E091AB279720042F642 /* NSData+ImageContentType.m */; };
		D7607E291AB279720042F642 /* SDImageCache.m in Sources */ = {isa = PBXBuildFile; fileRef = D7607E0B1AB279720042F642 /* SDImageCache.m */; };
		D7607E2A1AB279720042F642 /* SDWebImageCompat.m in Sources */ = {isa = PBXBuildFile; fileRef = D7607E0D1AB279720042F642 /* SDWebImageCompat.m */; };
		D7607E2B1AB279720042F642 /* SDWebImageDecoder.m in Sources */ = {isa = PBXBuildFile; fileRef = D7607E0F1AB279720042F642 /* SDWebImageDecoder.m */; };
		D7607E2C1AB279720042F642 /* SDWebImageDownloader.m in Sources */ = {isa = PBXBuildFile; fileRef = D7607E111AB279720042F642 /* SDWebImageDownloader.m */; };
		D7607E2D1AB279720042F642 /* SDWebImageDownloaderOperation.m in Sources */ = {isa = PBXBuildFile; fileRef = D7607E131AB279720042F642 /* SDWebImageDownloaderOperation.m */; };
		D7607E2E1AB279720042F642 /* SDWebImageManager.m in Sources */ = {isa = PBXBuildFile; fileRef = D7607E151AB279720042F642 /* SDWebImageManager.m */; };
		D7607E2F1AB279720042F642 /* SDWebImagePrefetcher.m in Sources */ = {isa = PBXBuildFile; fileRef = D7607E181AB279720042F642 /* SDWebImagePrefetcher.m */; };
		D7607E301AB279720042F642 /* UIButton+WebCache.m in Sources */ = {isa = PBXBuildFile; fileRef = D7607E1A1AB279720042F642 /* UIButton+WebCache.m */; };
		D7607E311AB279720042F642 /* UIImage+GIF.m in Sources */ = {isa = PBXBuildFile; fileRef = D7607E1C1AB279720042F642 /* UIImage+GIF.m */; };
		D7607E321AB279720042F642 /* UIImage+MultiFormat.m in Sources */ = {isa = PBXBuildFile; fileRef = D7607E1E1AB279720042F642 /* UIImage+MultiFormat.m */; };
		D7607E331AB279720042F642 /* UIImage+WebP.m in Sources */ = {isa = PBXBuildFile; fileRef = D7607E201AB279720042F642 /* UIImage+WebP.m */; };
		D7607E341AB279720042F642 /* UIImageView+HighlightedWebCache.m in Sources */ = {isa = PBXBuildFile; fileRef = D7607E221AB279720042F642 /* UIImageView+HighlightedWebCache.m */; };
		D7607E351AB279720042F642 /* UIImageView+WebCache.m in Sources */ = {isa = PBXBuildFile; fileRef = D7607E241AB279720042F642 /* UIImageView+WebCache.m */; };
		D7607E361AB279720042F642 /* UIView+WebCacheOperation.m in Sources */ = {isa = PBXBuildFile; fileRef = D7607E261AB279720042F642 /* UIView+WebCacheOperation.m */; };
		D7607E3E1AB38BA30042F642 /* Reachability.m in Sources */ = {isa = PBXBuildFile; fileRef = D7607E3D1AB38BA30042F642 /* Reachability.m */; };
		D76BF7551A8FA48A00B43B2B /* bugViewController.m in Sources */ = {isa = PBXBuildFile; fileRef = D76BF7541A8FA48A00B43B2B /* bugViewController.m */; };
		D76BF7581A8FAB0700B43B2B /* SDiPhoneVersion.m in Sources */ = {isa = PBXBuildFile; fileRef = D76BF7571A8FAB0700B43B2B /* SDiPhoneVersion.m */; };
		D773ED891A7C904200F46396 /* editNavViewController.m in Sources */ = {isa = PBXBuildFile; fileRef = D773ED881A7C904200F46396 /* editNavViewController.m */; };
		D7843C9E1AA5299C006F3C90 /* 40.png in Resources */ = {isa = PBXBuildFile; fileRef = D7843C9A1AA5299C006F3C90 /* 40.png */; };
		D7843C9F1AA5299C006F3C90 /* 76.png in Resources */ = {isa = PBXBuildFile; fileRef = D7843C9B1AA5299C006F3C90 /* 76.png */; };
		D7843CA01AA5299C006F3C90 /* 87.png in Resources */ = {isa = PBXBuildFile; fileRef = D7843C9C1AA5299C006F3C90 /* 87.png */; };
		D7843CA11AA5299C006F3C90 /* 152.png in Resources */ = {isa = PBXBuildFile; fileRef = D7843C9D1AA5299C006F3C90 /* 152.png */; };
		D7843CAB1AA66AFE006F3C90 /* more.png in Resources */ = {isa = PBXBuildFile; fileRef = D7843CAA1AA66AFE006F3C90 /* more.png */; };
		D7936FCD1AAF8B6A00943CA4 /* aboutAppIcon.png in Resources */ = {isa = PBXBuildFile; fileRef = D7936FCC1AAF8B6A00943CA4 /* aboutAppIcon.png */; };
		D7936FD31AAFAC8200943CA4 /* background-640x960logo.png in Resources */ = {isa = PBXBuildFile; fileRef = D7936FCE1AAFAC8200943CA4 /* background-640x960logo.png */; };
		D7936FD41AAFAC8200943CA4 /* background-640x1136.png in Resources */ = {isa = PBXBuildFile; fileRef = D7936FCF1AAFAC8200943CA4 /* background-640x1136.png */; };
		D7936FD51AAFAC8200943CA4 /* background-750x1334logo.png in Resources */ = {isa = PBXBuildFile; fileRef = D7936FD01AAFAC8200943CA4 /* background-750x1334logo.png */; };
		D7936FD61AAFAC8200943CA4 /* background-1080x1920logo.png in Resources */ = {isa = PBXBuildFile; fileRef = D7936FD11AAFAC8200943CA4 /* background-1080x1920logo.png */; };
		D7936FD71AAFAC8200943CA4 /* background-iphone6pluswithlogo.png in Resources */ = {isa = PBXBuildFile; fileRef = D7936FD21AAFAC8200943CA4 /* background-iphone6pluswithlogo.png */; };
		D7936FD91AAFB2FD00943CA4 /* Menu@2x.png in Resources */ = {isa = PBXBuildFile; fileRef = D7936FD81AAFB2FD00943CA4 /* Menu@2x.png */; };
		D7936FDB1AAFB3E400943CA4 /* MainLogo.png in Resources */ = {isa = PBXBuildFile; fileRef = D7936FDA1AAFB3E400943CA4 /* MainLogo.png */; };
		D7BD6F401A97D9B60005C838 /* Appirater.m in Sources */ = {isa = PBXBuildFile; fileRef = D7BD6F3F1A97D9B60005C838 /* Appirater.m */; };
		D7BD6F421A97D9E20005C838 /* CFNetwork.framework in Frameworks */ = {isa = PBXBuildFile; fileRef = D7BD6F411A97D9E20005C838 /* CFNetwork.framework */; };
		D7BD6F441A97DA010005C838 /* StoreKit.framework in Frameworks */ = {isa = PBXBuildFile; fileRef = D7BD6F431A97DA010005C838 /* StoreKit.framework */; };
		D7CDCD471A93F0D50065ED62 /* navBar.m in Sources */ = {isa = PBXBuildFile; fileRef = D7CDCD461A93F0D50065ED62 /* navBar.m */; };
		D7CDCD4A1A93FC3C0065ED62 /* customlNavController.m in Sources */ = {isa = PBXBuildFile; fileRef = D7CDCD491A93FC3C0065ED62 /* customlNavController.m */; };
		D7CDCD4E1A940D140065ED62 /* logo.png in Resources */ = {isa = PBXBuildFile; fileRef = D7CDCD4D1A940D140065ED62 /* logo.png */; };
		D7CDCD511A9427990065ED62 /* TPKeyboardAvoidingScrollView.m in Sources */ = {isa = PBXBuildFile; fileRef = D7CDCD501A9427990065ED62 /* TPKeyboardAvoidingScrollView.m */; };
		D7CDCD541A94281C0065ED62 /* UIScrollView+TPKeyboardAvoidingAdditions.m in Sources */ = {isa = PBXBuildFile; fileRef = D7CDCD531A94281C0065ED62 /* UIScrollView+TPKeyboardAvoidingAdditions.m */; };
		D7CDCD571A9431820065ED62 /* splashVC.m in Sources */ = {isa = PBXBuildFile; fileRef = D7CDCD561A9431820065ED62 /* splashVC.m */; };
		D7CDCDFD1A96CBDA0065ED62 /* AsyncImageDownloader.m in Sources */ = {isa = PBXBuildFile; fileRef = D7CDCDFC1A96CBDA0065ED62 /* AsyncImageDownloader.m */; };
		D7CDCE1B1A96D7670065ED62 /* QuartzCore.framework in Frameworks */ = {isa = PBXBuildFile; fileRef = D7CDCE1A1A96D7670065ED62 /* QuartzCore.framework */; };
		D7EB14111A82DF7B00B0FF6C /* background-640x960.png in Resources */ = {isa = PBXBuildFile; fileRef = D7EB13FC1A82DF7B00B0FF6C /* background-640x960.png */; };
		D7EB14121A82DF7B00B0FF6C /* background-750x1334.png in Resources */ = {isa = PBXBuildFile; fileRef = D7EB13FD1A82DF7B00B0FF6C /* background-750x1334.png */; };
		D7EB14141A82DF7B00B0FF6C /* heart.png in Resources */ = {isa = PBXBuildFile; fileRef = D7EB13FF1A82DF7B00B0FF6C /* heart.png */; };
		D7EB14151A82DF7B00B0FF6C /* quotes.png in Resources */ = {isa = PBXBuildFile; fileRef = D7EB14001A82DF7B00B0FF6C /* quotes.png */; };
		D7EB14161A82DF7B00B0FF6C /* screen-layout-640x960.png in Resources */ = {isa = PBXBuildFile; fileRef = D7EB14011A82DF7B00B0FF6C /* screen-layout-640x960.png */; };
		D7EB14181A82DF7B00B0FF6C /* sponsor-logo.png in Resources */ = {isa = PBXBuildFile; fileRef = D7EB14031A82DF7B00B0FF6C /* sponsor-logo.png */; };
		D7EB14391A82DF8100B0FF6C /* awesomewhatuare.png in Resources */ = {isa = PBXBuildFile; fileRef = D7EB14241A82DF8100B0FF6C /* awesomewhatuare.png */; };
		D7EB143A1A82DF8100B0FF6C /* awwthatwassweet.png in Resources */ = {isa = PBXBuildFile; fileRef = D7EB14251A82DF8100B0FF6C /* awwthatwassweet.png */; };
		D7EB143B1A82DF8100B0FF6C /* iamsoblessed.png in Resources */ = {isa = PBXBuildFile; fileRef = D7EB14261A82DF8100B0FF6C /* iamsoblessed.png */; };
		D7EB143C1A82DF8100B0FF6C /* icherishthetime.png in Resources */ = {isa = PBXBuildFile; fileRef = D7EB14271A82DF8100B0FF6C /* icherishthetime.png */; };
		D7EB143D1A82DF8100B0FF6C /* ioweyoubigtime.png in Resources */ = {isa = PBXBuildFile; fileRef = D7EB14281A82DF8100B0FF6C /* ioweyoubigtime.png */; };
		D7EB143F1A82DF8100B0FF6C /* sog8ful4u.png in Resources */ = {isa = PBXBuildFile; fileRef = D7EB142A1A82DF8100B0FF6C /* sog8ful4u.png */; };
		D7EB14401A82DF8100B0FF6C /* thanksforlettingshare.png in Resources */ = {isa = PBXBuildFile; fileRef = D7EB142B1A82DF8100B0FF6C /* thanksforlettingshare.png */; };
		D7EB14411A82DF8100B0FF6C /* thxforlol.png in Resources */ = {isa = PBXBuildFile; fileRef = D7EB142C1A82DF8100B0FF6C /* thxforlol.png */; };
		D7EB14421A82DF8100B0FF6C /* togetherunstoppable.png in Resources */ = {isa = PBXBuildFile; fileRef = D7EB142D1A82DF8100B0FF6C /* togetherunstoppable.png */; };
		D7EB14431A82DF8100B0FF6C /* uralifesaver.png in Resources */ = {isa = PBXBuildFile; fileRef = D7EB142E1A82DF8100B0FF6C /* uralifesaver.png */; };
		D7EB14441A82DF8100B0FF6C /* wemakeateam.png in Resources */ = {isa = PBXBuildFile; fileRef = D7EB142F1A82DF8100B0FF6C /* wemakeateam.png */; };
		D7EB14451A82DF8100B0FF6C /* whatwouldido.png in Resources */ = {isa = PBXBuildFile; fileRef = D7EB14301A82DF8100B0FF6C /* whatwouldido.png */; };
		D7EB14461A82DF8100B0FF6C /* whenigrowup.png in Resources */ = {isa = PBXBuildFile; fileRef = D7EB14311A82DF8100B0FF6C /* whenigrowup.png */; };
		D7EB14471A82DF8100B0FF6C /* youareamazing.png in Resources */ = {isa = PBXBuildFile; fileRef = D7EB14321A82DF8100B0FF6C /* youareamazing.png */; };
		D7EB14481A82DF8100B0FF6C /* youaremysuperhero.png in Resources */ = {isa = PBXBuildFile; fileRef = D7EB14331A82DF8100B0FF6C /* youaremysuperhero.png */; };
		D7EB14491A82DF8100B0FF6C /* yougogirl.png in Resources */ = {isa = PBXBuildFile; fileRef = D7EB14341A82DF8100B0FF6C /* yougogirl.png */; };
		D7EB144A1A82DF8100B0FF6C /* youmadeadifference.png in Resources */ = {isa = PBXBuildFile; fileRef = D7EB14351A82DF8100B0FF6C /* youmadeadifference.png */; };
		D7EB144B1A82DF8100B0FF6C /* youmademyday.png in Resources */ = {isa = PBXBuildFile; fileRef = D7EB14361A82DF8100B0FF6C /* youmademyday.png */; };
		D7EB144C1A82DF8100B0FF6C /* youmakemelaugh.png in Resources */ = {isa = PBXBuildFile; fileRef = D7EB14371A82DF8100B0FF6C /* youmakemelaugh.png */; };
		D7EB144D1A82DF8100B0FF6C /* yourawesomeness.png in Resources */ = {isa = PBXBuildFile; fileRef = D7EB14381A82DF8100B0FF6C /* yourawesomeness.png */; };
		D7F615D71AA6A55C001A773D /* shareViewController.m in Sources */ = {isa = PBXBuildFile; fileRef = D7F615D61AA6A55C001A773D /* shareViewController.m */; };
		D7F615DC1AA7A98D001A773D /* NSData+NSHash.m in Sources */ = {isa = PBXBuildFile; fileRef = D7F615D91AA7A98D001A773D /* NSData+NSHash.m */; };
		D7F615DD1AA7A98D001A773D /* NSString+NSHash.m in Sources */ = {isa = PBXBuildFile; fileRef = D7F615DB1AA7A98D001A773D /* NSString+NSHash.m */; };
		D7F9176A1A74A6EA00672F31 /* navViewController.m in Sources */ = {isa = PBXBuildFile; fileRef = D7F917691A74A6EA00672F31 /* navViewController.m */; };
		D7F9176D1A74AE0C00672F31 /* webViewController.m in Sources */ = {isa = PBXBuildFile; fileRef = D7F9176C1A74AE0C00672F31 /* webViewController.m */; };
		D7F917701A74B02F00672F31 /* aboutViewController.m in Sources */ = {isa = PBXBuildFile; fileRef = D7F9176F1A74B02F00672F31 /* aboutViewController.m */; };
		D7F917761A74B39200672F31 /* feedbackViewController.m in Sources */ = {isa = PBXBuildFile; fileRef = D7F917751A74B39200672F31 /* feedbackViewController.m */; };
/* End PBXBuildFile section */

/* Begin PBXContainerItemProxy section */
		B1829D4F1A6A106800B08E2F /* PBXContainerItemProxy */ = {
			isa = PBXContainerItemProxy;
			containerPortal = B1829D2A1A6A106700B08E2F /* Project object */;
			proxyType = 1;
			remoteGlobalIDString = B1829D311A6A106800B08E2F;
			remoteInfo = WeGush;
		};
/* End PBXContainerItemProxy section */

/* Begin PBXFileReference section */
		B13DC2A01A6AB76A0048B831 /* SWRevealViewController.h */ = {isa = PBXFileReference; fileEncoding = 4; lastKnownFileType = sourcecode.c.h; path = SWRevealViewController.h; sourceTree = "<group>"; };
		B13DC2A11A6AB76A0048B831 /* SWRevealViewController.m */ = {isa = PBXFileReference; fileEncoding = 4; lastKnownFileType = sourcecode.c.objc; path = SWRevealViewController.m; sourceTree = "<group>"; };
		B1829D321A6A106800B08E2F /* WeGush.app */ = {isa = PBXFileReference; explicitFileType = wrapper.application; includeInIndex = 0; path = WeGush.app; sourceTree = BUILT_PRODUCTS_DIR; };
		B1829D361A6A106800B08E2F /* Info.plist */ = {isa = PBXFileReference; lastKnownFileType = text.plist.xml; path = Info.plist; sourceTree = "<group>"; };
		B1829D371A6A106800B08E2F /* main.m */ = {isa = PBXFileReference; lastKnownFileType = sourcecode.c.objc; path = main.m; sourceTree = "<group>"; };
		B1829D391A6A106800B08E2F /* AppDelegate.h */ = {isa = PBXFileReference; lastKnownFileType = sourcecode.c.h; path = AppDelegate.h; sourceTree = "<group>"; };
		B1829D3A1A6A106800B08E2F /* AppDelegate.m */ = {isa = PBXFileReference; lastKnownFileType = sourcecode.c.objc; path = AppDelegate.m; sourceTree = "<group>"; };
		B1829D3C1A6A106800B08E2F /* FirstViewController.h */ = {isa = PBXFileReference; lastKnownFileType = sourcecode.c.h; path = FirstViewController.h; sourceTree = "<group>"; };
		B1829D3D1A6A106800B08E2F /* FirstViewController.m */ = {isa = PBXFileReference; lastKnownFileType = sourcecode.c.objc; path = FirstViewController.m; sourceTree = "<group>"; };
		B1829D431A6A106800B08E2F /* Base */ = {isa = PBXFileReference; lastKnownFileType = file.storyboard; name = Base; path = Base.lproj/Main.storyboard; sourceTree = "<group>"; };
		B1829D451A6A106800B08E2F /* Images.xcassets */ = {isa = PBXFileReference; lastKnownFileType = folder.assetcatalog; path = Images.xcassets; sourceTree = "<group>"; };
		B1829D481A6A106800B08E2F /* Base */ = {isa = PBXFileReference; lastKnownFileType = file.xib; name = Base; path = Base.lproj/LaunchScreen.xib; sourceTree = "<group>"; };
		B1829D4E1A6A106800B08E2F /* WeGushTests.xctest */ = {isa = PBXFileReference; explicitFileType = wrapper.cfbundle; includeInIndex = 0; path = WeGushTests.xctest; sourceTree = BUILT_PRODUCTS_DIR; };
		B1829D531A6A106800B08E2F /* Info.plist */ = {isa = PBXFileReference; lastKnownFileType = text.plist.xml; path = Info.plist; sourceTree = "<group>"; };
		B1829D541A6A106800B08E2F /* WeGushTests.m */ = {isa = PBXFileReference; lastKnownFileType = sourcecode.c.objc; path = WeGushTests.m; sourceTree = "<group>"; };
		B1829D621A6A13FA00B08E2F /* NavigationViewController.h */ = {isa = PBXFileReference; fileEncoding = 4; lastKnownFileType = sourcecode.c.h; path = NavigationViewController.h; sourceTree = "<group>"; };
		B1829D631A6A13FA00B08E2F /* NavigationViewController.m */ = {isa = PBXFileReference; fileEncoding = 4; lastKnownFileType = sourcecode.c.objc; path = NavigationViewController.m; sourceTree = "<group>"; };
		B1829D661A6A1D5200B08E2F /* gushEditViewController.h */ = {isa = PBXFileReference; fileEncoding = 4; lastKnownFileType = sourcecode.c.h; path = gushEditViewController.h; sourceTree = "<group>"; };
		B1829D671A6A1D5200B08E2F /* gushEditViewController.m */ = {isa = PBXFileReference; fileEncoding = 4; lastKnownFileType = sourcecode.c.objc; path = gushEditViewController.m; sourceTree = "<group>"; };
		B1DF0D631A6ABC5D00220294 /* dataClass.h */ = {isa = PBXFileReference; fileEncoding = 4; lastKnownFileType = sourcecode.c.h; path = dataClass.h; sourceTree = "<group>"; };
		B1DF0D641A6ABC5D00220294 /* dataClass.m */ = {isa = PBXFileReference; fileEncoding = 4; lastKnownFileType = sourcecode.c.objc; path = dataClass.m; sourceTree = "<group>"; };
		B1DF0D661A6ACC6A00220294 /* MessageUI.framework */ = {isa = PBXFileReference; lastKnownFileType = wrapper.framework; name = MessageUI.framework; path = System/Library/Frameworks/MessageUI.framework; sourceTree = SDKROOT; };
		D708D5571ACB584B0044EAB5 /* about2ViewController.h */ = {isa = PBXFileReference; fileEncoding = 4; lastKnownFileType = sourcecode.c.h; path = about2ViewController.h; sourceTree = "<group>"; };
		D708D5581ACB584B0044EAB5 /* about2ViewController.m */ = {isa = PBXFileReference; fileEncoding = 4; lastKnownFileType = sourcecode.c.objc; path = about2ViewController.m; sourceTree = "<group>"; };
		D70A04BC1A85B36A0006763A /* 640 X 960.png */ = {isa = PBXFileReference; lastKnownFileType = image.png; path = "640 X 960.png"; sourceTree = "<group>"; };
		D70A04BE1A85B3780006763A /* 750 X 1334.png */ = {isa = PBXFileReference; lastKnownFileType = image.png; path = "750 X 1334.png"; sourceTree = "<group>"; };
		D70A04CD1A8AD5020006763A /* color.png */ = {isa = PBXFileReference; lastKnownFileType = image.png; path = color.png; sourceTree = "<group>"; };
		D70A04CF1A8AE5E00006763A /* slideNavController.h */ = {isa = PBXFileReference; fileEncoding = 4; lastKnownFileType = sourcecode.c.h; path = slideNavController.h; sourceTree = "<group>"; };
		D70A04D01A8AE5E00006763A /* slideNavController.m */ = {isa = PBXFileReference; fileEncoding = 4; lastKnownFileType = sourcecode.c.objc; path = slideNavController.m; sourceTree = "<group>"; };
		D70CEA381A9FE98600381109 /* initNavController.h */ = {isa = PBXFileReference; fileEncoding = 4; lastKnownFileType = sourcecode.c.h; path = initNavController.h; sourceTree = "<group>"; };
		D70CEA391A9FE98600381109 /* initNavController.m */ = {isa = PBXFileReference; fileEncoding = 4; lastKnownFileType = sourcecode.c.objc; path = initNavController.m; sourceTree = "<group>"; };
		D7119E2D1A98041400457A5B /* 20p2x.png */ = {isa = PBXFileReference; lastKnownFileType = image.png; path = 20p2x.png; sourceTree = "<group>"; };
		D7119E2E1A98041400457A5B /* 20p3x copy.png */ = {isa = PBXFileReference; lastKnownFileType = image.png; path = "20p3x copy.png"; sourceTree = "<group>"; };
		D7119E2F1A98041400457A5B /* 29p1x.png */ = {isa = PBXFileReference; lastKnownFileType = image.png; path = 29p1x.png; sourceTree = "<group>"; };
		D7119E301A98041400457A5B /* 40p2x.png */ = {isa = PBXFileReference; lastKnownFileType = image.png; path = 40p2x.png; sourceTree = "<group>"; };
		D7119E311A98041400457A5B /* 40p3x.png */ = {isa = PBXFileReference; lastKnownFileType = image.png; path = 40p3x.png; sourceTree = "<group>"; };
		D71BFF611A85AE8300B48207 /* splash-640x960.png */ = {isa = PBXFileReference; lastKnownFileType = image.png; path = "splash-640x960.png"; sourceTree = "<group>"; };
		D71BFF621A85AE8300B48207 /* splash-750x1334.png */ = {isa = PBXFileReference; lastKnownFileType = image.png; path = "splash-750x1334.png"; sourceTree = "<group>"; };
		D71BFF691A85B03E00B48207 /* splashlogo.png */ = {isa = PBXFileReference; lastKnownFileType = image.png; path = splashlogo.png; sourceTree = "<group>"; };
		D721D4051A9E75FA007DE687 /* iPhone6.png */ = {isa = PBXFileReference; lastKnownFileType = image.png; path = iPhone6.png; sourceTree = "<group>"; };
		D721D4061A9E75FA007DE687 /* iPhone5.png */ = {isa = PBXFileReference; lastKnownFileType = image.png; path = iPhone5.png; sourceTree = "<group>"; };
		D721D4071A9E75FA007DE687 /* iPhone6plus.png */ = {isa = PBXFileReference; lastKnownFileType = image.png; path = iPhone6plus.png; sourceTree = "<group>"; };
		D721D40D1A9E9783007DE687 /* UIView+RoundedCorners.h */ = {isa = PBXFileReference; fileEncoding = 4; lastKnownFileType = sourcecode.c.h; path = "UIView+RoundedCorners.h"; sourceTree = "<group>"; };
		D721D40E1A9E9783007DE687 /* UIView+RoundedCorners.m */ = {isa = PBXFileReference; fileEncoding = 4; lastKnownFileType = sourcecode.c.objc; path = "UIView+RoundedCorners.m"; sourceTree = "<group>"; };
		D727006C1A770DC0009CC549 /* SettingsTableViewController.h */ = {isa = PBXFileReference; fileEncoding = 4; lastKnownFileType = sourcecode.c.h; path = SettingsTableViewController.h; sourceTree = "<group>"; };
		D727006D1A770DC0009CC549 /* SettingsTableViewController.m */ = {isa = PBXFileReference; fileEncoding = 4; lastKnownFileType = sourcecode.c.objc; path = SettingsTableViewController.m; sourceTree = "<group>"; };
		D72701061A788B44009CC549 /* doneViewController.h */ = {isa = PBXFileReference; fileEncoding = 4; lastKnownFileType = sourcecode.c.h; path = doneViewController.h; sourceTree = "<group>"; };
		D72701071A788B44009CC549 /* doneViewController.m */ = {isa = PBXFileReference; fileEncoding = 4; lastKnownFileType = sourcecode.c.objc; path = doneViewController.m; sourceTree = "<group>"; };
		D727010B1A788F4E009CC549 /* sonsorWVViewController.h */ = {isa = PBXFileReference; fileEncoding = 4; lastKnownFileType = sourcecode.c.h; path = sonsorWVViewController.h; sourceTree = "<group>"; };
		D727010C1A788F4E009CC549 /* sonsorWVViewController.m */ = {isa = PBXFileReference; fileEncoding = 4; lastKnownFileType = sourcecode.c.objc; path = sonsorWVViewController.m; sourceTree = "<group>"; };
		D727010E1A789B46009CC549 /* doneNavViewController.h */ = {isa = PBXFileReference; fileEncoding = 4; lastKnownFileType = sourcecode.c.h; path = doneNavViewController.h; sourceTree = "<group>"; };
		D727010F1A789B46009CC549 /* doneNavViewController.m */ = {isa = PBXFileReference; fileEncoding = 4; lastKnownFileType = sourcecode.c.objc; path = doneNavViewController.m; sourceTree = "<group>"; };
		D727011C1A794FB2009CC549 /* GAI.h */ = {isa = PBXFileReference; lastKnownFileType = sourcecode.c.h; path = GAI.h; sourceTree = "<group>"; };
		D727011D1A794FB2009CC549 /* GAIDictionaryBuilder.h */ = {isa = PBXFileReference; lastKnownFileType = sourcecode.c.h; path = GAIDictionaryBuilder.h; sourceTree = "<group>"; };
		D727011E1A794FB2009CC549 /* GAIFields.h */ = {isa = PBXFileReference; lastKnownFileType = sourcecode.c.h; path = GAIFields.h; sourceTree = "<group>"; };
		D727011F1A794FB2009CC549 /* GAILogger.h */ = {isa = PBXFileReference; lastKnownFileType = sourcecode.c.h; path = GAILogger.h; sourceTree = "<group>"; };
		D72701201A794FB2009CC549 /* GAITrackedViewController.h */ = {isa = PBXFileReference; lastKnownFileType = sourcecode.c.h; path = GAITrackedViewController.h; sourceTree = "<group>"; };
		D72701211A794FB2009CC549 /* GAITracker.h */ = {isa = PBXFileReference; lastKnownFileType = sourcecode.c.h; path = GAITracker.h; sourceTree = "<group>"; };
		D72701221A794FF4009CC549 /* libGoogleAnalyticsServices.a */ = {isa = PBXFileReference; lastKnownFileType = archive.ar; path = libGoogleAnalyticsServices.a; sourceTree = "<group>"; };
		D72701241A795014009CC549 /* CoreData.framework */ = {isa = PBXFileReference; lastKnownFileType = wrapper.framework; name = CoreData.framework; path = System/Library/Frameworks/CoreData.framework; sourceTree = SDKROOT; };
		D72701261A795025009CC549 /* SystemConfiguration.framework */ = {isa = PBXFileReference; lastKnownFileType = wrapper.framework; name = SystemConfiguration.framework; path = System/Library/Frameworks/SystemConfiguration.framework; sourceTree = SDKROOT; };
		D72701281A795046009CC549 /* libz.dylib */ = {isa = PBXFileReference; lastKnownFileType = "compiled.mach-o.dylib"; name = libz.dylib; path = usr/lib/libz.dylib; sourceTree = SDKROOT; };
		D727012A1A79577C009CC549 /* GAIEcommerceProduct.h */ = {isa = PBXFileReference; lastKnownFileType = sourcecode.c.h; path = GAIEcommerceProduct.h; sourceTree = "<group>"; };
		D727012B1A7957A7009CC549 /* GAIEcommerceProductAction.h */ = {isa = PBXFileReference; lastKnownFileType = sourcecode.c.h; path = GAIEcommerceProductAction.h; sourceTree = "<group>"; };
		D727012C1A7957B8009CC549 /* GAIEcommercePromotion.h */ = {isa = PBXFileReference; lastKnownFileType = sourcecode.c.h; path = GAIEcommercePromotion.h; sourceTree = "<group>"; };
		D727012D1A79D67B009CC549 /* B&Wlogo.png */ = {isa = PBXFileReference; lastKnownFileType = image.png; path = "B&Wlogo.png"; sourceTree = "<group>"; };
		D75C1BE41AA1591C003D0E3B /* 29.png */ = {isa = PBXFileReference; lastKnownFileType = image.png; path = 29.png; sourceTree = "<group>"; };
		D75C1BE51AA1591C003D0E3B /* 57.png */ = {isa = PBXFileReference; lastKnownFileType = image.png; path = 57.png; sourceTree = "<group>"; };
		D75C1BE61AA1591C003D0E3B /* 58.png */ = {isa = PBXFileReference; lastKnownFileType = image.png; path = 58.png; sourceTree = "<group>"; };
		D75C1BE71AA1591C003D0E3B /* 80.png */ = {isa = PBXFileReference; lastKnownFileType = image.png; path = 80.png; sourceTree = "<group>"; };
		D75C1BE81AA1591C003D0E3B /* 114.png */ = {isa = PBXFileReference; lastKnownFileType = image.png; path = 114.png; sourceTree = "<group>"; };
		D75C1BE91AA1591C003D0E3B /* 120.png */ = {isa = PBXFileReference; lastKnownFileType = image.png; path = 120.png; sourceTree = "<group>"; };
		D75C1BEA1AA1591C003D0E3B /* 180.png */ = {isa = PBXFileReference; lastKnownFileType = image.png; path = 180.png; sourceTree = "<group>"; };
		D75C1BF21AA15CA0003D0E3B /* iPhone4.png */ = {isa = PBXFileReference; lastKnownFileType = image.png; path = iPhone4.png; sourceTree = "<group>"; };
		D7607DDB1AB249980042F642 /* MainLogo@3x.png */ = {isa = PBXFileReference; lastKnownFileType = image.png; path = "MainLogo@3x.png"; sourceTree = "<group>"; };
		D7607DDC1AB249980042F642 /* MainLogo@2x.png */ = {isa = PBXFileReference; lastKnownFileType = image.png; path = "MainLogo@2x.png"; sourceTree = "<group>"; };
		D7607DE11AB24CE50042F642 /* Rate@3x.png */ = {isa = PBXFileReference; lastKnownFileType = image.png; path = "Rate@3x.png"; sourceTree = "<group>"; };
		D7607DE21AB24CE50042F642 /* Share@3x.png */ = {isa = PBXFileReference; lastKnownFileType = image.png; path = "Share@3x.png"; sourceTree = "<group>"; };
		D7607DE31AB24CE50042F642 /* Share.png */ = {isa = PBXFileReference; lastKnownFileType = image.png; path = Share.png; sourceTree = "<group>"; };
		D7607DE41AB24CE50042F642 /* Settings@3x.png */ = {isa = PBXFileReference; lastKnownFileType = image.png; path = "Settings@3x.png"; sourceTree = "<group>"; };
		D7607DE51AB24CE50042F642 /* Feedback.png */ = {isa = PBXFileReference; lastKnownFileType = image.png; path = Feedback.png; sourceTree = "<group>"; };
		D7607DE61AB24CE50042F642 /* Settings.png */ = {isa = PBXFileReference; lastKnownFileType = image.png; path = Settings.png; sourceTree = "<group>"; };
		D7607DE71AB24CE50042F642 /* About@2x.png */ = {isa = PBXFileReference; lastKnownFileType = image.png; path = "About@2x.png"; sourceTree = "<group>"; };
		D7607DE81AB24CE50042F642 /* Share@2x.png */ = {isa = PBXFileReference; lastKnownFileType = image.png; path = "Share@2x.png"; sourceTree = "<group>"; };
		D7607DE91AB24CE50042F642 /* Rate.png */ = {isa = PBXFileReference; lastKnownFileType = image.png; path = Rate.png; sourceTree = "<group>"; };
		D7607DEA1AB24CE50042F642 /* Feedback@2x.png */ = {isa = PBXFileReference; lastKnownFileType = image.png; path = "Feedback@2x.png"; sourceTree = "<group>"; };
		D7607DEB1AB24CE50042F642 /* Settings@2x.png */ = {isa = PBXFileReference; lastKnownFileType = image.png; path = "Settings@2x.png"; sourceTree = "<group>"; };
		D7607DEC1AB24CE50042F642 /* About.png */ = {isa = PBXFileReference; lastKnownFileType = image.png; path = About.png; sourceTree = "<group>"; };
		D7607DED1AB24CE50042F642 /* About@3x.png */ = {isa = PBXFileReference; lastKnownFileType = image.png; path = "About@3x.png"; sourceTree = "<group>"; };
		D7607DEE1AB24CE50042F642 /* Feedback@3x.png */ = {isa = PBXFileReference; lastKnownFileType = image.png; path = "Feedback@3x.png"; sourceTree = "<group>"; };
		D7607DEF1AB24CE50042F642 /* Rate@2x.png */ = {isa = PBXFileReference; lastKnownFileType = image.png; path = "Rate@2x.png"; sourceTree = "<group>"; };
		D7607DFF1AB24E840042F642 /* AboutScreenIcon@2x.png */ = {isa = PBXFileReference; lastKnownFileType = image.png; path = "AboutScreenIcon@2x.png"; sourceTree = "<group>"; };
		D7607E001AB24E840042F642 /* AboutScreenIcon@3x.png */ = {isa = PBXFileReference; lastKnownFileType = image.png; path = "AboutScreenIcon@3x.png"; sourceTree = "<group>"; };
		D7607E011AB24E840042F642 /* AboutScreenIcon.png */ = {isa = PBXFileReference; lastKnownFileType = image.png; path = AboutScreenIcon.png; sourceTree = "<group>"; };
		D7607E061AB279720042F642 /* MKAnnotationView+WebCache.h */ = {isa = PBXFileReference; fileEncoding = 4; lastKnownFileType = sourcecode.c.h; path = "MKAnnotationView+WebCache.h"; sourceTree = "<group>"; };
		D7607E071AB279720042F642 /* MKAnnotationView+WebCache.m */ = {isa = PBXFileReference; fileEncoding = 4; lastKnownFileType = sourcecode.c.objc; path = "MKAnnotationView+WebCache.m"; sourceTree = "<group>"; };
		D7607E081AB279720042F642 /* NSData+ImageContentType.h */ = {isa = PBXFileReference; fileEncoding = 4; lastKnownFileType = sourcecode.c.h; path = "NSData+ImageContentType.h"; sourceTree = "<group>"; };
		D7607E091AB279720042F642 /* NSData+ImageContentType.m */ = {isa = PBXFileReference; fileEncoding = 4; lastKnownFileType = sourcecode.c.objc; path = "NSData+ImageContentType.m"; sourceTree = "<group>"; };
		D7607E0A1AB279720042F642 /* SDImageCache.h */ = {isa = PBXFileReference; fileEncoding = 4; lastKnownFileType = sourcecode.c.h; path = SDImageCache.h; sourceTree = "<group>"; };
		D7607E0B1AB279720042F642 /* SDImageCache.m */ = {isa = PBXFileReference; fileEncoding = 4; lastKnownFileType = sourcecode.c.objc; path = SDImageCache.m; sourceTree = "<group>"; };
		D7607E0C1AB279720042F642 /* SDWebImageCompat.h */ = {isa = PBXFileReference; fileEncoding = 4; lastKnownFileType = sourcecode.c.h; path = SDWebImageCompat.h; sourceTree = "<group>"; };
		D7607E0D1AB279720042F642 /* SDWebImageCompat.m */ = {isa = PBXFileReference; fileEncoding = 4; lastKnownFileType = sourcecode.c.objc; path = SDWebImageCompat.m; sourceTree = "<group>"; };
		D7607E0E1AB279720042F642 /* SDWebImageDecoder.h */ = {isa = PBXFileReference; fileEncoding = 4; lastKnownFileType = sourcecode.c.h; path = SDWebImageDecoder.h; sourceTree = "<group>"; };
		D7607E0F1AB279720042F642 /* SDWebImageDecoder.m */ = {isa = PBXFileReference; fileEncoding = 4; lastKnownFileType = sourcecode.c.objc; path = SDWebImageDecoder.m; sourceTree = "<group>"; };
		D7607E101AB279720042F642 /* SDWebImageDownloader.h */ = {isa = PBXFileReference; fileEncoding = 4; lastKnownFileType = sourcecode.c.h; path = SDWebImageDownloader.h; sourceTree = "<group>"; };
		D7607E111AB279720042F642 /* SDWebImageDownloader.m */ = {isa = PBXFileReference; fileEncoding = 4; lastKnownFileType = sourcecode.c.objc; path = SDWebImageDownloader.m; sourceTree = "<group>"; };
		D7607E121AB279720042F642 /* SDWebImageDownloaderOperation.h */ = {isa = PBXFileReference; fileEncoding = 4; lastKnownFileType = sourcecode.c.h; path = SDWebImageDownloaderOperation.h; sourceTree = "<group>"; };
		D7607E131AB279720042F642 /* SDWebImageDownloaderOperation.m */ = {isa = PBXFileReference; fileEncoding = 4; lastKnownFileType = sourcecode.c.objc; path = SDWebImageDownloaderOperation.m; sourceTree = "<group>"; };
		D7607E141AB279720042F642 /* SDWebImageManager.h */ = {isa = PBXFileReference; fileEncoding = 4; lastKnownFileType = sourcecode.c.h; path = SDWebImageManager.h; sourceTree = "<group>"; };
		D7607E151AB279720042F642 /* SDWebImageManager.m */ = {isa = PBXFileReference; fileEncoding = 4; lastKnownFileType = sourcecode.c.objc; path = SDWebImageManager.m; sourceTree = "<group>"; };
		D7607E161AB279720042F642 /* SDWebImageOperation.h */ = {isa = PBXFileReference; fileEncoding = 4; lastKnownFileType = sourcecode.c.h; path = SDWebImageOperation.h; sourceTree = "<group>"; };
		D7607E171AB279720042F642 /* SDWebImagePrefetcher.h */ = {isa = PBXFileReference; fileEncoding = 4; lastKnownFileType = sourcecode.c.h; path = SDWebImagePrefetcher.h; sourceTree = "<group>"; };
		D7607E181AB279720042F642 /* SDWebImagePrefetcher.m */ = {isa = PBXFileReference; fileEncoding = 4; lastKnownFileType = sourcecode.c.objc; path = SDWebImagePrefetcher.m; sourceTree = "<group>"; };
		D7607E191AB279720042F642 /* UIButton+WebCache.h */ = {isa = PBXFileReference; fileEncoding = 4; lastKnownFileType = sourcecode.c.h; path = "UIButton+WebCache.h"; sourceTree = "<group>"; };
		D7607E1A1AB279720042F642 /* UIButton+WebCache.m */ = {isa = PBXFileReference; fileEncoding = 4; lastKnownFileType = sourcecode.c.objc; path = "UIButton+WebCache.m"; sourceTree = "<group>"; };
		D7607E1B1AB279720042F642 /* UIImage+GIF.h */ = {isa = PBXFileReference; fileEncoding = 4; lastKnownFileType = sourcecode.c.h; path = "UIImage+GIF.h"; sourceTree = "<group>"; };
		D7607E1C1AB279720042F642 /* UIImage+GIF.m */ = {isa = PBXFileReference; fileEncoding = 4; lastKnownFileType = sourcecode.c.objc; path = "UIImage+GIF.m"; sourceTree = "<group>"; };
		D7607E1D1AB279720042F642 /* UIImage+MultiFormat.h */ = {isa = PBXFileReference; fileEncoding = 4; lastKnownFileType = sourcecode.c.h; path = "UIImage+MultiFormat.h"; sourceTree = "<group>"; };
		D7607E1E1AB279720042F642 /* UIImage+MultiFormat.m */ = {isa = PBXFileReference; fileEncoding = 4; lastKnownFileType = sourcecode.c.objc; path = "UIImage+MultiFormat.m"; sourceTree = "<group>"; };
		D7607E1F1AB279720042F642 /* UIImage+WebP.h */ = {isa = PBXFileReference; fileEncoding = 4; lastKnownFileType = sourcecode.c.h; path = "UIImage+WebP.h"; sourceTree = "<group>"; };
		D7607E201AB279720042F642 /* UIImage+WebP.m */ = {isa = PBXFileReference; fileEncoding = 4; lastKnownFileType = sourcecode.c.objc; path = "UIImage+WebP.m"; sourceTree = "<group>"; };
		D7607E211AB279720042F642 /* UIImageView+HighlightedWebCache.h */ = {isa = PBXFileReference; fileEncoding = 4; lastKnownFileType = sourcecode.c.h; path = "UIImageView+HighlightedWebCache.h"; sourceTree = "<group>"; };
		D7607E221AB279720042F642 /* UIImageView+HighlightedWebCache.m */ = {isa = PBXFileReference; fileEncoding = 4; lastKnownFileType = sourcecode.c.objc; path = "UIImageView+HighlightedWebCache.m"; sourceTree = "<group>"; };
		D7607E231AB279720042F642 /* UIImageView+WebCache.h */ = {isa = PBXFileReference; fileEncoding = 4; lastKnownFileType = sourcecode.c.h; path = "UIImageView+WebCache.h"; sourceTree = "<group>"; };
		D7607E241AB279720042F642 /* UIImageView+WebCache.m */ = {isa = PBXFileReference; fileEncoding = 4; lastKnownFileType = sourcecode.c.objc; path = "UIImageView+WebCache.m"; sourceTree = "<group>"; };
		D7607E251AB279720042F642 /* UIView+WebCacheOperation.h */ = {isa = PBXFileReference; fileEncoding = 4; lastKnownFileType = sourcecode.c.h; path = "UIView+WebCacheOperation.h"; sourceTree = "<group>"; };
		D7607E261AB279720042F642 /* UIView+WebCacheOperation.m */ = {isa = PBXFileReference; fileEncoding = 4; lastKnownFileType = sourcecode.c.objc; path = "UIView+WebCacheOperation.m"; sourceTree = "<group>"; };
		D7607E3C1AB38BA30042F642 /* Reachability.h */ = {isa = PBXFileReference; fileEncoding = 4; lastKnownFileType = sourcecode.c.h; path = Reachability.h; sourceTree = "<group>"; };
		D7607E3D1AB38BA30042F642 /* Reachability.m */ = {isa = PBXFileReference; fileEncoding = 4; lastKnownFileType = sourcecode.c.objc; path = Reachability.m; sourceTree = "<group>"; };
		D76BF7531A8FA48A00B43B2B /* bugViewController.h */ = {isa = PBXFileReference; fileEncoding = 4; lastKnownFileType = sourcecode.c.h; path = bugViewController.h; sourceTree = "<group>"; };
		D76BF7541A8FA48A00B43B2B /* bugViewController.m */ = {isa = PBXFileReference; fileEncoding = 4; lastKnownFileType = sourcecode.c.objc; path = bugViewController.m; sourceTree = "<group>"; };
		D76BF7561A8FAB0700B43B2B /* SDiPhoneVersion.h */ = {isa = PBXFileReference; fileEncoding = 4; lastKnownFileType = sourcecode.c.h; path = SDiPhoneVersion.h; sourceTree = "<group>"; };
		D76BF7571A8FAB0700B43B2B /* SDiPhoneVersion.m */ = {isa = PBXFileReference; fileEncoding = 4; lastKnownFileType = sourcecode.c.objc; path = SDiPhoneVersion.m; sourceTree = "<group>"; };
		D773ED871A7C904200F46396 /* editNavViewController.h */ = {isa = PBXFileReference; fileEncoding = 4; lastKnownFileType = sourcecode.c.h; path = editNavViewController.h; sourceTree = "<group>"; };
		D773ED881A7C904200F46396 /* editNavViewController.m */ = {isa = PBXFileReference; fileEncoding = 4; lastKnownFileType = sourcecode.c.objc; path = editNavViewController.m; sourceTree = "<group>"; };
		D7843C9A1AA5299C006F3C90 /* 40.png */ = {isa = PBXFileReference; lastKnownFileType = image.png; path = 40.png; sourceTree = "<group>"; };
		D7843C9B1AA5299C006F3C90 /* 76.png */ = {isa = PBXFileReference; lastKnownFileType = image.png; path = 76.png; sourceTree = "<group>"; };
		D7843C9C1AA5299C006F3C90 /* 87.png */ = {isa = PBXFileReference; lastKnownFileType = image.png; path = 87.png; sourceTree = "<group>"; };
		D7843C9D1AA5299C006F3C90 /* 152.png */ = {isa = PBXFileReference; lastKnownFileType = image.png; path = 152.png; sourceTree = "<group>"; };
		D7843CAA1AA66AFE006F3C90 /* more.png */ = {isa = PBXFileReference; lastKnownFileType = image.png; path = more.png; sourceTree = "<group>"; };
		D7936FCC1AAF8B6A00943CA4 /* aboutAppIcon.png */ = {isa = PBXFileReference; lastKnownFileType = image.png; path = aboutAppIcon.png; sourceTree = "<group>"; };
		D7936FCE1AAFAC8200943CA4 /* background-640x960logo.png */ = {isa = PBXFileReference; lastKnownFileType = image.png; path = "background-640x960logo.png"; sourceTree = "<group>"; };
		D7936FCF1AAFAC8200943CA4 /* background-640x1136.png */ = {isa = PBXFileReference; lastKnownFileType = image.png; path = "background-640x1136.png"; sourceTree = "<group>"; };
		D7936FD01AAFAC8200943CA4 /* background-750x1334logo.png */ = {isa = PBXFileReference; lastKnownFileType = image.png; path = "background-750x1334logo.png"; sourceTree = "<group>"; };
		D7936FD11AAFAC8200943CA4 /* background-1080x1920logo.png */ = {isa = PBXFileReference; lastKnownFileType = image.png; path = "background-1080x1920logo.png"; sourceTree = "<group>"; };
		D7936FD21AAFAC8200943CA4 /* background-iphone6pluswithlogo.png */ = {isa = PBXFileReference; lastKnownFileType = image.png; path = "background-iphone6pluswithlogo.png"; sourceTree = "<group>"; };
		D7936FD81AAFB2FD00943CA4 /* Menu@2x.png */ = {isa = PBXFileReference; lastKnownFileType = image.png; path = "Menu@2x.png"; sourceTree = "<group>"; };
		D7936FDA1AAFB3E400943CA4 /* MainLogo.png */ = {isa = PBXFileReference; lastKnownFileType = image.png; path = MainLogo.png; sourceTree = "<group>"; };
		D7BD6F3E1A97D9B60005C838 /* Appirater.h */ = {isa = PBXFileReference; fileEncoding = 4; lastKnownFileType = sourcecode.c.h; path = Appirater.h; sourceTree = "<group>"; };
		D7BD6F3F1A97D9B60005C838 /* Appirater.m */ = {isa = PBXFileReference; fileEncoding = 4; lastKnownFileType = sourcecode.c.objc; path = Appirater.m; sourceTree = "<group>"; };
		D7BD6F411A97D9E20005C838 /* CFNetwork.framework */ = {isa = PBXFileReference; lastKnownFileType = wrapper.framework; name = CFNetwork.framework; path = System/Library/Frameworks/CFNetwork.framework; sourceTree = SDKROOT; };
		D7BD6F431A97DA010005C838 /* StoreKit.framework */ = {isa = PBXFileReference; lastKnownFileType = wrapper.framework; name = StoreKit.framework; path = System/Library/Frameworks/StoreKit.framework; sourceTree = SDKROOT; };
		D7BD6F451A97DAC40005C838 /* AppiraterDelegate.h */ = {isa = PBXFileReference; lastKnownFileType = sourcecode.c.h; path = AppiraterDelegate.h; sourceTree = "<group>"; };
		D7CDCD451A93F0D50065ED62 /* navBar.h */ = {isa = PBXFileReference; fileEncoding = 4; lastKnownFileType = sourcecode.c.h; path = navBar.h; sourceTree = "<group>"; };
		D7CDCD461A93F0D50065ED62 /* navBar.m */ = {isa = PBXFileReference; fileEncoding = 4; lastKnownFileType = sourcecode.c.objc; path = navBar.m; sourceTree = "<group>"; };
		D7CDCD481A93FC3C0065ED62 /* customlNavController.h */ = {isa = PBXFileReference; fileEncoding = 4; lastKnownFileType = sourcecode.c.h; path = customlNavController.h; sourceTree = "<group>"; };
		D7CDCD491A93FC3C0065ED62 /* customlNavController.m */ = {isa = PBXFileReference; fileEncoding = 4; lastKnownFileType = sourcecode.c.objc; path = customlNavController.m; sourceTree = "<group>"; };
		D7CDCD4D1A940D140065ED62 /* logo.png */ = {isa = PBXFileReference; lastKnownFileType = image.png; path = logo.png; sourceTree = "<group>"; };
		D7CDCD4F1A9427990065ED62 /* TPKeyboardAvoidingScrollView.h */ = {isa = PBXFileReference; fileEncoding = 4; lastKnownFileType = sourcecode.c.h; path = TPKeyboardAvoidingScrollView.h; sourceTree = "<group>"; };
		D7CDCD501A9427990065ED62 /* TPKeyboardAvoidingScrollView.m */ = {isa = PBXFileReference; fileEncoding = 4; lastKnownFileType = sourcecode.c.objc; path = TPKeyboardAvoidingScrollView.m; sourceTree = "<group>"; };
		D7CDCD521A94281C0065ED62 /* UIScrollView+TPKeyboardAvoidingAdditions.h */ = {isa = PBXFileReference; fileEncoding = 4; lastKnownFileType = sourcecode.c.h; path = "UIScrollView+TPKeyboardAvoidingAdditions.h"; sourceTree = "<group>"; };
		D7CDCD531A94281C0065ED62 /* UIScrollView+TPKeyboardAvoidingAdditions.m */ = {isa = PBXFileReference; fileEncoding = 4; lastKnownFileType = sourcecode.c.objc; path = "UIScrollView+TPKeyboardAvoidingAdditions.m"; sourceTree = "<group>"; };
		D7CDCD551A9431820065ED62 /* splashVC.h */ = {isa = PBXFileReference; fileEncoding = 4; lastKnownFileType = sourcecode.c.h; path = splashVC.h; sourceTree = "<group>"; };
		D7CDCD561A9431820065ED62 /* splashVC.m */ = {isa = PBXFileReference; fileEncoding = 4; lastKnownFileType = sourcecode.c.objc; path = splashVC.m; sourceTree = "<group>"; };
		D7CDCDFB1A96CBDA0065ED62 /* AsyncImageDownloader.h */ = {isa = PBXFileReference; fileEncoding = 4; lastKnownFileType = sourcecode.c.h; path = AsyncImageDownloader.h; sourceTree = "<group>"; };
		D7CDCDFC1A96CBDA0065ED62 /* AsyncImageDownloader.m */ = {isa = PBXFileReference; fileEncoding = 4; lastKnownFileType = sourcecode.c.objc; path = AsyncImageDownloader.m; sourceTree = "<group>"; };
		D7CDCE1A1A96D7670065ED62 /* QuartzCore.framework */ = {isa = PBXFileReference; lastKnownFileType = wrapper.framework; name = QuartzCore.framework; path = System/Library/Frameworks/QuartzCore.framework; sourceTree = SDKROOT; };
		D7EB13FC1A82DF7B00B0FF6C /* background-640x960.png */ = {isa = PBXFileReference; lastKnownFileType = image.png; path = "background-640x960.png"; sourceTree = "<group>"; };
		D7EB13FD1A82DF7B00B0FF6C /* background-750x1334.png */ = {isa = PBXFileReference; lastKnownFileType = image.png; path = "background-750x1334.png"; sourceTree = "<group>"; };
		D7EB13FF1A82DF7B00B0FF6C /* heart.png */ = {isa = PBXFileReference; lastKnownFileType = image.png; path = heart.png; sourceTree = "<group>"; };
		D7EB14001A82DF7B00B0FF6C /* quotes.png */ = {isa = PBXFileReference; lastKnownFileType = image.png; path = quotes.png; sourceTree = "<group>"; };
		D7EB14011A82DF7B00B0FF6C /* screen-layout-640x960.png */ = {isa = PBXFileReference; lastKnownFileType = image.png; path = "screen-layout-640x960.png"; sourceTree = "<group>"; };
		D7EB14031A82DF7B00B0FF6C /* sponsor-logo.png */ = {isa = PBXFileReference; lastKnownFileType = image.png; path = "sponsor-logo.png"; sourceTree = "<group>"; };
		D7EB14241A82DF8100B0FF6C /* awesomewhatuare.png */ = {isa = PBXFileReference; lastKnownFileType = image.png; path = awesomewhatuare.png; sourceTree = "<group>"; };
		D7EB14251A82DF8100B0FF6C /* awwthatwassweet.png */ = {isa = PBXFileReference; lastKnownFileType = image.png; path = awwthatwassweet.png; sourceTree = "<group>"; };
		D7EB14261A82DF8100B0FF6C /* iamsoblessed.png */ = {isa = PBXFileReference; lastKnownFileType = image.png; path = iamsoblessed.png; sourceTree = "<group>"; };
		D7EB14271A82DF8100B0FF6C /* icherishthetime.png */ = {isa = PBXFileReference; lastKnownFileType = image.png; path = icherishthetime.png; sourceTree = "<group>"; };
		D7EB14281A82DF8100B0FF6C /* ioweyoubigtime.png */ = {isa = PBXFileReference; lastKnownFileType = image.png; path = ioweyoubigtime.png; sourceTree = "<group>"; };
		D7EB142A1A82DF8100B0FF6C /* sog8ful4u.png */ = {isa = PBXFileReference; lastKnownFileType = image.png; path = sog8ful4u.png; sourceTree = "<group>"; };
		D7EB142B1A82DF8100B0FF6C /* thanksforlettingshare.png */ = {isa = PBXFileReference; lastKnownFileType = image.png; path = thanksforlettingshare.png; sourceTree = "<group>"; };
		D7EB142C1A82DF8100B0FF6C /* thxforlol.png */ = {isa = PBXFileReference; lastKnownFileType = image.png; path = thxforlol.png; sourceTree = "<group>"; };
		D7EB142D1A82DF8100B0FF6C /* togetherunstoppable.png */ = {isa = PBXFileReference; lastKnownFileType = image.png; path = togetherunstoppable.png; sourceTree = "<group>"; };
		D7EB142E1A82DF8100B0FF6C /* uralifesaver.png */ = {isa = PBXFileReference; lastKnownFileType = image.png; path = uralifesaver.png; sourceTree = "<group>"; };
		D7EB142F1A82DF8100B0FF6C /* wemakeateam.png */ = {isa = PBXFileReference; lastKnownFileType = image.png; path = wemakeateam.png; sourceTree = "<group>"; };
		D7EB14301A82DF8100B0FF6C /* whatwouldido.png */ = {isa = PBXFileReference; lastKnownFileType = image.png; path = whatwouldido.png; sourceTree = "<group>"; };
		D7EB14311A82DF8100B0FF6C /* whenigrowup.png */ = {isa = PBXFileReference; lastKnownFileType = image.png; path = whenigrowup.png; sourceTree = "<group>"; };
		D7EB14321A82DF8100B0FF6C /* youareamazing.png */ = {isa = PBXFileReference; lastKnownFileType = image.png; path = youareamazing.png; sourceTree = "<group>"; };
		D7EB14331A82DF8100B0FF6C /* youaremysuperhero.png */ = {isa = PBXFileReference; lastKnownFileType = image.png; path = youaremysuperhero.png; sourceTree = "<group>"; };
		D7EB14341A82DF8100B0FF6C /* yougogirl.png */ = {isa = PBXFileReference; lastKnownFileType = image.png; path = yougogirl.png; sourceTree = "<group>"; };
		D7EB14351A82DF8100B0FF6C /* youmadeadifference.png */ = {isa = PBXFileReference; lastKnownFileType = image.png; path = youmadeadifference.png; sourceTree = "<group>"; };
		D7EB14361A82DF8100B0FF6C /* youmademyday.png */ = {isa = PBXFileReference; lastKnownFileType = image.png; path = youmademyday.png; sourceTree = "<group>"; };
		D7EB14371A82DF8100B0FF6C /* youmakemelaugh.png */ = {isa = PBXFileReference; lastKnownFileType = image.png; path = youmakemelaugh.png; sourceTree = "<group>"; };
		D7EB14381A82DF8100B0FF6C /* yourawesomeness.png */ = {isa = PBXFileReference; lastKnownFileType = image.png; path = yourawesomeness.png; sourceTree = "<group>"; };
		D7F615D51AA6A55C001A773D /* shareViewController.h */ = {isa = PBXFileReference; fileEncoding = 4; lastKnownFileType = sourcecode.c.h; path = shareViewController.h; sourceTree = "<group>"; };
		D7F615D61AA6A55C001A773D /* shareViewController.m */ = {isa = PBXFileReference; fileEncoding = 4; lastKnownFileType = sourcecode.c.objc; path = shareViewController.m; sourceTree = "<group>"; };
		D7F615D81AA7A98D001A773D /* NSData+NSHash.h */ = {isa = PBXFileReference; fileEncoding = 4; lastKnownFileType = sourcecode.c.h; path = "NSData+NSHash.h"; sourceTree = "<group>"; };
		D7F615D91AA7A98D001A773D /* NSData+NSHash.m */ = {isa = PBXFileReference; fileEncoding = 4; lastKnownFileType = sourcecode.c.objc; path = "NSData+NSHash.m"; sourceTree = "<group>"; };
		D7F615DA1AA7A98D001A773D /* NSString+NSHash.h */ = {isa = PBXFileReference; fileEncoding = 4; lastKnownFileType = sourcecode.c.h; path = "NSString+NSHash.h"; sourceTree = "<group>"; };
		D7F615DB1AA7A98D001A773D /* NSString+NSHash.m */ = {isa = PBXFileReference; fileEncoding = 4; lastKnownFileType = sourcecode.c.objc; path = "NSString+NSHash.m"; sourceTree = "<group>"; };
		D7F917681A74A6EA00672F31 /* navViewController.h */ = {isa = PBXFileReference; fileEncoding = 4; lastKnownFileType = sourcecode.c.h; path = navViewController.h; sourceTree = "<group>"; };
		D7F917691A74A6EA00672F31 /* navViewController.m */ = {isa = PBXFileReference; fileEncoding = 4; lastKnownFileType = sourcecode.c.objc; path = navViewController.m; sourceTree = "<group>"; };
		D7F9176B1A74AE0C00672F31 /* webViewController.h */ = {isa = PBXFileReference; fileEncoding = 4; lastKnownFileType = sourcecode.c.h; path = webViewController.h; sourceTree = "<group>"; };
		D7F9176C1A74AE0C00672F31 /* webViewController.m */ = {isa = PBXFileReference; fileEncoding = 4; lastKnownFileType = sourcecode.c.objc; path = webViewController.m; sourceTree = "<group>"; };
		D7F9176E1A74B02F00672F31 /* aboutViewController.h */ = {isa = PBXFileReference; fileEncoding = 4; lastKnownFileType = sourcecode.c.h; path = aboutViewController.h; sourceTree = "<group>"; };
		D7F9176F1A74B02F00672F31 /* aboutViewController.m */ = {isa = PBXFileReference; fileEncoding = 4; lastKnownFileType = sourcecode.c.objc; path = aboutViewController.m; sourceTree = "<group>"; };
		D7F917741A74B39200672F31 /* feedbackViewController.h */ = {isa = PBXFileReference; fileEncoding = 4; lastKnownFileType = sourcecode.c.h; path = feedbackViewController.h; sourceTree = "<group>"; };
		D7F917751A74B39200672F31 /* feedbackViewController.m */ = {isa = PBXFileReference; fileEncoding = 4; lastKnownFileType = sourcecode.c.objc; path = feedbackViewController.m; sourceTree = "<group>"; };
/* End PBXFileReference section */

/* Begin PBXFrameworksBuildPhase section */
		B1829D2F1A6A106800B08E2F /* Frameworks */ = {
			isa = PBXFrameworksBuildPhase;
			buildActionMask = 2147483647;
			files = (
				D7BD6F441A97DA010005C838 /* StoreKit.framework in Frameworks */,
				D72701271A795025009CC549 /* SystemConfiguration.framework in Frameworks */,
				D7BD6F421A97D9E20005C838 /* CFNetwork.framework in Frameworks */,
				D7CDCE1B1A96D7670065ED62 /* QuartzCore.framework in Frameworks */,
				D72701291A795046009CC549 /* libz.dylib in Frameworks */,
				D72701251A795014009CC549 /* CoreData.framework in Frameworks */,
				B1DF0D671A6ACC6A00220294 /* MessageUI.framework in Frameworks */,
				D72701231A794FF4009CC549 /* libGoogleAnalyticsServices.a in Frameworks */,
			);
			runOnlyForDeploymentPostprocessing = 0;
		};
		B1829D4B1A6A106800B08E2F /* Frameworks */ = {
			isa = PBXFrameworksBuildPhase;
			buildActionMask = 2147483647;
			files = (
			);
			runOnlyForDeploymentPostprocessing = 0;
		};
/* End PBXFrameworksBuildPhase section */

/* Begin PBXGroup section */
		B1829D291A6A106700B08E2F = {
			isa = PBXGroup;
			children = (
				D75C1BE31AA15812003D0E3B /* icons */,
				D70CEA231A9FD24200381109 /* frameworks */,
				B1829D341A6A106800B08E2F /* WeGush */,
				B1829D511A6A106800B08E2F /* WeGushTests */,
				B1829D331A6A106800B08E2F /* Products */,
			);
			sourceTree = "<group>";
		};
		B1829D331A6A106800B08E2F /* Products */ = {
			isa = PBXGroup;
			children = (
				B1829D321A6A106800B08E2F /* WeGush.app */,
				B1829D4E1A6A106800B08E2F /* WeGushTests.xctest */,
			);
			name = Products;
			sourceTree = "<group>";
		};
		B1829D341A6A106800B08E2F /* WeGush */ = {
			isa = PBXGroup;
			children = (
				B1DF0D631A6ABC5D00220294 /* dataClass.h */,
				B1DF0D641A6ABC5D00220294 /* dataClass.m */,
				B1829D391A6A106800B08E2F /* AppDelegate.h */,
				B1829D3A1A6A106800B08E2F /* AppDelegate.m */,
				B1829D661A6A1D5200B08E2F /* gushEditViewController.h */,
				B1829D671A6A1D5200B08E2F /* gushEditViewController.m */,
				B1829D3C1A6A106800B08E2F /* FirstViewController.h */,
				B1829D3D1A6A106800B08E2F /* FirstViewController.m */,
				B1829D421A6A106800B08E2F /* Main.storyboard */,
				B1829D451A6A106800B08E2F /* Images.xcassets */,
				B1829D471A6A106800B08E2F /* LaunchScreen.xib */,
				B1829D351A6A106800B08E2F /* Supporting Files */,
				D7CDCD451A93F0D50065ED62 /* navBar.h */,
				D7CDCD461A93F0D50065ED62 /* navBar.m */,
				D7CDCD481A93FC3C0065ED62 /* customlNavController.h */,
				D7CDCD491A93FC3C0065ED62 /* customlNavController.m */,
				D7CDCD551A9431820065ED62 /* splashVC.h */,
				D7CDCD561A9431820065ED62 /* splashVC.m */,
				D70CEA381A9FE98600381109 /* initNavController.h */,
				D70CEA391A9FE98600381109 /* initNavController.m */,
				D7F615D51AA6A55C001A773D /* shareViewController.h */,
				D7F615D61AA6A55C001A773D /* shareViewController.m */,
				D708D5571ACB584B0044EAB5 /* about2ViewController.h */,
				D708D5581ACB584B0044EAB5 /* about2ViewController.m */,
			);
			path = WeGush;
			sourceTree = "<group>";
		};
		B1829D351A6A106800B08E2F /* Supporting Files */ = {
			isa = PBXGroup;
			children = (
				D7607E051AB279560042F642 /* SDWebImage */,
				D7CDCDC91A96CB030065ED62 /* image downloader */,
				D773ED871A7C904200F46396 /* editNavViewController.h */,
				D773ED881A7C904200F46396 /* editNavViewController.m */,
				D70A04CF1A8AE5E00006763A /* slideNavController.h */,
				D70A04D01A8AE5E00006763A /* slideNavController.m */,
				D76BF7531A8FA48A00B43B2B /* bugViewController.h */,
				D76BF7541A8FA48A00B43B2B /* bugViewController.m */,
				D76BF7561A8FAB0700B43B2B /* SDiPhoneVersion.h */,
				D76BF7571A8FAB0700B43B2B /* SDiPhoneVersion.m */,
				D7BD6F451A97DAC40005C838 /* AppiraterDelegate.h */,
				D7BD6F3E1A97D9B60005C838 /* Appirater.h */,
				D7BD6F3F1A97D9B60005C838 /* Appirater.m */,
				D7607E3C1AB38BA30042F642 /* Reachability.h */,
				D7607E3D1AB38BA30042F642 /* Reachability.m */,
				D727011B1A794FA2009CC549 /* google analytics */,
				D727010E1A789B46009CC549 /* doneNavViewController.h */,
				D727010F1A789B46009CC549 /* doneNavViewController.m */,
				D7F917681A74A6EA00672F31 /* navViewController.h */,
				D7F917691A74A6EA00672F31 /* navViewController.m */,
				D7F9176B1A74AE0C00672F31 /* webViewController.h */,
				D7F9176C1A74AE0C00672F31 /* webViewController.m */,
				D7F9176E1A74B02F00672F31 /* aboutViewController.h */,
				D7F9176F1A74B02F00672F31 /* aboutViewController.m */,
				D7F917741A74B39200672F31 /* feedbackViewController.h */,
				D7F917751A74B39200672F31 /* feedbackViewController.m */,
				D727006C1A770DC0009CC549 /* SettingsTableViewController.h */,
				D727006D1A770DC0009CC549 /* SettingsTableViewController.m */,
				D727010B1A788F4E009CC549 /* sonsorWVViewController.h */,
				D727010C1A788F4E009CC549 /* sonsorWVViewController.m */,
				D72701061A788B44009CC549 /* doneViewController.h */,
				D72701071A788B44009CC549 /* doneViewController.m */,
				B1829D621A6A13FA00B08E2F /* NavigationViewController.h */,
				B1829D631A6A13FA00B08E2F /* NavigationViewController.m */,
				B1829D651A6A1C2D00B08E2F /* images */,
				B1829D611A6A114C00B08E2F /* slideoutmenufiles */,
				B1829D361A6A106800B08E2F /* Info.plist */,
				B1829D371A6A106800B08E2F /* main.m */,
				D7F615D81AA7A98D001A773D /* NSData+NSHash.h */,
				D7F615D91AA7A98D001A773D /* NSData+NSHash.m */,
				D7F615DA1AA7A98D001A773D /* NSString+NSHash.h */,
				D7F615DB1AA7A98D001A773D /* NSString+NSHash.m */,
				D721D40D1A9E9783007DE687 /* UIView+RoundedCorners.h */,
				D721D40E1A9E9783007DE687 /* UIView+RoundedCorners.m */,
				D7CDCD521A94281C0065ED62 /* UIScrollView+TPKeyboardAvoidingAdditions.h */,
				D7CDCD531A94281C0065ED62 /* UIScrollView+TPKeyboardAvoidingAdditions.m */,
				D7CDCD4F1A9427990065ED62 /* TPKeyboardAvoidingScrollView.h */,
				D7CDCD501A9427990065ED62 /* TPKeyboardAvoidingScrollView.m */,
			);
			name = "Supporting Files";
			sourceTree = "<group>";
		};
		B1829D511A6A106800B08E2F /* WeGushTests */ = {
			isa = PBXGroup;
			children = (
				B1829D541A6A106800B08E2F /* WeGushTests.m */,
				B1829D521A6A106800B08E2F /* Supporting Files */,
			);
			path = WeGushTests;
			sourceTree = "<group>";
		};
		B1829D521A6A106800B08E2F /* Supporting Files */ = {
			isa = PBXGroup;
			children = (
				B1829D531A6A106800B08E2F /* Info.plist */,
			);
			name = "Supporting Files";
			sourceTree = "<group>";
		};
		B1829D611A6A114C00B08E2F /* slideoutmenufiles */ = {
			isa = PBXGroup;
			children = (
				B13DC2A01A6AB76A0048B831 /* SWRevealViewController.h */,
				B13DC2A11A6AB76A0048B831 /* SWRevealViewController.m */,
			);
			name = slideoutmenufiles;
			sourceTree = "<group>";
		};
		B1829D651A6A1C2D00B08E2F /* images */ = {
			isa = PBXGroup;
			children = (
				D7607DFF1AB24E840042F642 /* AboutScreenIcon@2x.png */,
				D7607E001AB24E840042F642 /* AboutScreenIcon@3x.png */,
				D7607E011AB24E840042F642 /* AboutScreenIcon.png */,
				D7607DE11AB24CE50042F642 /* Rate@3x.png */,
				D7607DE21AB24CE50042F642 /* Share@3x.png */,
				D7607DE31AB24CE50042F642 /* Share.png */,
				D7607DE41AB24CE50042F642 /* Settings@3x.png */,
				D7607DE51AB24CE50042F642 /* Feedback.png */,
				D7607DE61AB24CE50042F642 /* Settings.png */,
				D7607DE71AB24CE50042F642 /* About@2x.png */,
				D7607DE81AB24CE50042F642 /* Share@2x.png */,
				D7607DE91AB24CE50042F642 /* Rate.png */,
				D7607DEA1AB24CE50042F642 /* Feedback@2x.png */,
				D7607DEB1AB24CE50042F642 /* Settings@2x.png */,
				D7607DEC1AB24CE50042F642 /* About.png */,
				D7607DED1AB24CE50042F642 /* About@3x.png */,
				D7607DEE1AB24CE50042F642 /* Feedback@3x.png */,
				D7607DEF1AB24CE50042F642 /* Rate@2x.png */,
				D7607DDB1AB249980042F642 /* MainLogo@3x.png */,
				D7607DDC1AB249980042F642 /* MainLogo@2x.png */,
				D7936FDA1AAFB3E400943CA4 /* MainLogo.png */,
				D7936FD81AAFB2FD00943CA4 /* Menu@2x.png */,
				D7936FCC1AAF8B6A00943CA4 /* aboutAppIcon.png */,
				D7119E2D1A98041400457A5B /* 20p2x.png */,
				D7119E2E1A98041400457A5B /* 20p3x copy.png */,
				D7119E2F1A98041400457A5B /* 29p1x.png */,
				D7119E301A98041400457A5B /* 40p2x.png */,
				D7119E311A98041400457A5B /* 40p3x.png */,
				D7EB14231A82DF8100B0FF6C /* messages */,
				D7EB13FA1A82DF7B00B0FF6C /* Screens */,
				D727012D1A79D67B009CC549 /* B&Wlogo.png */,
			);
			name = images;
			sourceTree = "<group>";
		};
		D70CEA231A9FD24200381109 /* frameworks */ = {
			isa = PBXGroup;
			children = (
				D7BD6F431A97DA010005C838 /* StoreKit.framework */,
				D7BD6F411A97D9E20005C838 /* CFNetwork.framework */,
				D7CDCE1A1A96D7670065ED62 /* QuartzCore.framework */,
				D72701281A795046009CC549 /* libz.dylib */,
				D72701261A795025009CC549 /* SystemConfiguration.framework */,
				D72701241A795014009CC549 /* CoreData.framework */,
				B1DF0D661A6ACC6A00220294 /* MessageUI.framework */,
			);
			name = frameworks;
			sourceTree = "<group>";
		};
		D727011B1A794FA2009CC549 /* google analytics */ = {
			isa = PBXGroup;
			children = (
				D727012C1A7957B8009CC549 /* GAIEcommercePromotion.h */,
				D727012B1A7957A7009CC549 /* GAIEcommerceProductAction.h */,
				D727012A1A79577C009CC549 /* GAIEcommerceProduct.h */,
				D72701221A794FF4009CC549 /* libGoogleAnalyticsServices.a */,
				D727011C1A794FB2009CC549 /* GAI.h */,
				D727011D1A794FB2009CC549 /* GAIDictionaryBuilder.h */,
				D727011E1A794FB2009CC549 /* GAIFields.h */,
				D727011F1A794FB2009CC549 /* GAILogger.h */,
				D72701201A794FB2009CC549 /* GAITrackedViewController.h */,
				D72701211A794FB2009CC549 /* GAITracker.h */,
			);
			name = "google analytics";
			sourceTree = "<group>";
		};
		D75C1BE31AA15812003D0E3B /* icons */ = {
			isa = PBXGroup;
			children = (
				D7843C9A1AA5299C006F3C90 /* 40.png */,
				D7843C9B1AA5299C006F3C90 /* 76.png */,
				D7843C9C1AA5299C006F3C90 /* 87.png */,
				D7843C9D1AA5299C006F3C90 /* 152.png */,
				D75C1BE41AA1591C003D0E3B /* 29.png */,
				D75C1BE51AA1591C003D0E3B /* 57.png */,
				D75C1BE61AA1591C003D0E3B /* 58.png */,
				D75C1BE71AA1591C003D0E3B /* 80.png */,
				D75C1BE81AA1591C003D0E3B /* 114.png */,
				D75C1BE91AA1591C003D0E3B /* 120.png */,
				D75C1BEA1AA1591C003D0E3B /* 180.png */,
			);
			name = icons;
			sourceTree = "<group>";
		};
		D7607E051AB279560042F642 /* SDWebImage */ = {
			isa = PBXGroup;
			children = (
				D7607E061AB279720042F642 /* MKAnnotationView+WebCache.h */,
				D7607E071AB279720042F642 /* MKAnnotationView+WebCache.m */,
				D7607E081AB279720042F642 /* NSData+ImageContentType.h */,
				D7607E091AB279720042F642 /* NSData+ImageContentType.m */,
				D7607E0A1AB279720042F642 /* SDImageCache.h */,
				D7607E0B1AB279720042F642 /* SDImageCache.m */,
				D7607E0C1AB279720042F642 /* SDWebImageCompat.h */,
				D7607E0D1AB279720042F642 /* SDWebImageCompat.m */,
				D7607E0E1AB279720042F642 /* SDWebImageDecoder.h */,
				D7607E0F1AB279720042F642 /* SDWebImageDecoder.m */,
				D7607E101AB279720042F642 /* SDWebImageDownloader.h */,
				D7607E111AB279720042F642 /* SDWebImageDownloader.m */,
				D7607E121AB279720042F642 /* SDWebImageDownloaderOperation.h */,
				D7607E131AB279720042F642 /* SDWebImageDownloaderOperation.m */,
				D7607E141AB279720042F642 /* SDWebImageManager.h */,
				D7607E151AB279720042F642 /* SDWebImageManager.m */,
				D7607E161AB279720042F642 /* SDWebImageOperation.h */,
				D7607E171AB279720042F642 /* SDWebImagePrefetcher.h */,
				D7607E181AB279720042F642 /* SDWebImagePrefetcher.m */,
				D7607E191AB279720042F642 /* UIButton+WebCache.h */,
				D7607E1A1AB279720042F642 /* UIButton+WebCache.m */,
				D7607E1B1AB279720042F642 /* UIImage+GIF.h */,
				D7607E1C1AB279720042F642 /* UIImage+GIF.m */,
				D7607E1D1AB279720042F642 /* UIImage+MultiFormat.h */,
				D7607E1E1AB279720042F642 /* UIImage+MultiFormat.m */,
				D7607E1F1AB279720042F642 /* UIImage+WebP.h */,
				D7607E201AB279720042F642 /* UIImage+WebP.m */,
				D7607E211AB279720042F642 /* UIImageView+HighlightedWebCache.h */,
				D7607E221AB279720042F642 /* UIImageView+HighlightedWebCache.m */,
				D7607E231AB279720042F642 /* UIImageView+WebCache.h */,
				D7607E241AB279720042F642 /* UIImageView+WebCache.m */,
				D7607E251AB279720042F642 /* UIView+WebCacheOperation.h */,
				D7607E261AB279720042F642 /* UIView+WebCacheOperation.m */,
			);
			name = SDWebImage;
			sourceTree = "<group>";
		};
		D7CDCDC91A96CB030065ED62 /* image downloader */ = {
			isa = PBXGroup;
			children = (
				D7CDCDFB1A96CBDA0065ED62 /* AsyncImageDownloader.h */,
				D7CDCDFC1A96CBDA0065ED62 /* AsyncImageDownloader.m */,
			);
			name = "image downloader";
			sourceTree = "<group>";
		};
		D7EB13FA1A82DF7B00B0FF6C /* Screens */ = {
			isa = PBXGroup;
			children = (
				D7936FCE1AAFAC8200943CA4 /* background-640x960logo.png */,
				D7936FCF1AAFAC8200943CA4 /* background-640x1136.png */,
				D7936FD01AAFAC8200943CA4 /* background-750x1334logo.png */,
				D7936FD11AAFAC8200943CA4 /* background-1080x1920logo.png */,
				D7936FD21AAFAC8200943CA4 /* background-iphone6pluswithlogo.png */,
				D721D4051A9E75FA007DE687 /* iPhone6.png */,
				D721D4061A9E75FA007DE687 /* iPhone5.png */,
				D721D4071A9E75FA007DE687 /* iPhone6plus.png */,
				D75C1BF21AA15CA0003D0E3B /* iPhone4.png */,
				D7EB13FB1A82DF7B00B0FF6C /* done */,
				D7EB14041A82DF7B00B0FF6C /* main */,
				D7EB14091A82DF7B00B0FF6C /* preview */,
				D7EB140C1A82DF7B00B0FF6C /* splash */,
			);
			path = Screens;
			sourceTree = "<group>";
		};
		D7EB13FB1A82DF7B00B0FF6C /* done */ = {
			isa = PBXGroup;
			children = (
				D7EB13FC1A82DF7B00B0FF6C /* background-640x960.png */,
				D7EB13FD1A82DF7B00B0FF6C /* background-750x1334.png */,
				D7EB13FF1A82DF7B00B0FF6C /* heart.png */,
				D7EB14001A82DF7B00B0FF6C /* quotes.png */,
				D7EB14011A82DF7B00B0FF6C /* screen-layout-640x960.png */,
				D7EB14031A82DF7B00B0FF6C /* sponsor-logo.png */,
			);
			path = done;
			sourceTree = "<group>";
		};
		D7EB14041A82DF7B00B0FF6C /* main */ = {
			isa = PBXGroup;
			children = (
				D7CDCD4D1A940D140065ED62 /* logo.png */,
				D7843CAA1AA66AFE006F3C90 /* more.png */,
			);
			path = main;
			sourceTree = "<group>";
		};
		D7EB14091A82DF7B00B0FF6C /* preview */ = {
			isa = PBXGroup;
			children = (
			);
			path = preview;
			sourceTree = "<group>";
		};
		D7EB140C1A82DF7B00B0FF6C /* splash */ = {
			isa = PBXGroup;
			children = (
				D70A04BE1A85B3780006763A /* 750 X 1334.png */,
				D70A04BC1A85B36A0006763A /* 640 X 960.png */,
				D71BFF691A85B03E00B48207 /* splashlogo.png */,
				D71BFF611A85AE8300B48207 /* splash-640x960.png */,
				D71BFF621A85AE8300B48207 /* splash-750x1334.png */,
				D70A04CD1A8AD5020006763A /* color.png */,
			);
			path = splash;
			sourceTree = "<group>";
		};
		D7EB14231A82DF8100B0FF6C /* messages */ = {
			isa = PBXGroup;
			children = (
				D7EB14241A82DF8100B0FF6C /* awesomewhatuare.png */,
				D7EB14251A82DF8100B0FF6C /* awwthatwassweet.png */,
				D7EB14261A82DF8100B0FF6C /* iamsoblessed.png */,
				D7EB14271A82DF8100B0FF6C /* icherishthetime.png */,
				D7EB14281A82DF8100B0FF6C /* ioweyoubigtime.png */,
				D7EB142A1A82DF8100B0FF6C /* sog8ful4u.png */,
				D7EB142B1A82DF8100B0FF6C /* thanksforlettingshare.png */,
				D7EB142C1A82DF8100B0FF6C /* thxforlol.png */,
				D7EB142D1A82DF8100B0FF6C /* togetherunstoppable.png */,
				D7EB142E1A82DF8100B0FF6C /* uralifesaver.png */,
				D7EB142F1A82DF8100B0FF6C /* wemakeateam.png */,
				D7EB14301A82DF8100B0FF6C /* whatwouldido.png */,
				D7EB14311A82DF8100B0FF6C /* whenigrowup.png */,
				D7EB14321A82DF8100B0FF6C /* youareamazing.png */,
				D7EB14331A82DF8100B0FF6C /* youaremysuperhero.png */,
				D7EB14341A82DF8100B0FF6C /* yougogirl.png */,
				D7EB14351A82DF8100B0FF6C /* youmadeadifference.png */,
				D7EB14361A82DF8100B0FF6C /* youmademyday.png */,
				D7EB14371A82DF8100B0FF6C /* youmakemelaugh.png */,
				D7EB14381A82DF8100B0FF6C /* yourawesomeness.png */,
			);
			path = messages;
			sourceTree = "<group>";
		};
/* End PBXGroup section */

/* Begin PBXNativeTarget section */
		B1829D311A6A106800B08E2F /* WeGush */ = {
			isa = PBXNativeTarget;
			buildConfigurationList = B1829D581A6A106800B08E2F /* Build configuration list for PBXNativeTarget "WeGush" */;
			buildPhases = (
				B1829D2E1A6A106800B08E2F /* Sources */,
				B1829D2F1A6A106800B08E2F /* Frameworks */,
				B1829D301A6A106800B08E2F /* Resources */,
			);
			buildRules = (
			);
			dependencies = (
			);
			name = WeGush;
			productName = WeGush;
			productReference = B1829D321A6A106800B08E2F /* WeGush.app */;
			productType = "com.apple.product-type.application";
		};
		B1829D4D1A6A106800B08E2F /* WeGushTests */ = {
			isa = PBXNativeTarget;
			buildConfigurationList = B1829D5B1A6A106800B08E2F /* Build configuration list for PBXNativeTarget "WeGushTests" */;
			buildPhases = (
				B1829D4A1A6A106800B08E2F /* Sources */,
				B1829D4B1A6A106800B08E2F /* Frameworks */,
				B1829D4C1A6A106800B08E2F /* Resources */,
			);
			buildRules = (
			);
			dependencies = (
				B1829D501A6A106800B08E2F /* PBXTargetDependency */,
			);
			name = WeGushTests;
			productName = WeGushTests;
			productReference = B1829D4E1A6A106800B08E2F /* WeGushTests.xctest */;
			productType = "com.apple.product-type.bundle.unit-test";
		};
/* End PBXNativeTarget section */

/* Begin PBXProject section */
		B1829D2A1A6A106700B08E2F /* Project object */ = {
			isa = PBXProject;
			attributes = {
				LastUpgradeCheck = 0610;
				ORGANIZATIONNAME = "Stratton Apps";
				TargetAttributes = {
					B1829D311A6A106800B08E2F = {
						CreatedOnToolsVersion = 6.1.1;
						DevelopmentTeam = N25RUED5F2;
					};
					B1829D4D1A6A106800B08E2F = {
						CreatedOnToolsVersion = 6.1.1;
						TestTargetID = B1829D311A6A106800B08E2F;
					};
				};
			};
			buildConfigurationList = B1829D2D1A6A106700B08E2F /* Build configuration list for PBXProject "WeGush" */;
			compatibilityVersion = "Xcode 3.2";
			developmentRegion = English;
			hasScannedForEncodings = 0;
			knownRegions = (
				en,
				Base,
			);
			mainGroup = B1829D291A6A106700B08E2F;
			productRefGroup = B1829D331A6A106800B08E2F /* Products */;
			projectDirPath = "";
			projectRoot = "";
			targets = (
				B1829D311A6A106800B08E2F /* WeGush */,
				B1829D4D1A6A106800B08E2F /* WeGushTests */,
			);
		};
/* End PBXProject section */

/* Begin PBXResourcesBuildPhase section */
		B1829D301A6A106800B08E2F /* Resources */ = {
			isa = PBXResourcesBuildPhase;
			buildActionMask = 2147483647;
			files = (
				D7607DFC1AB24CE50042F642 /* About@3x.png in Resources */,
				D7936FDB1AAFB3E400943CA4 /* MainLogo.png in Resources */,
				D7119E361A98041400457A5B /* 40p3x.png in Resources */,
				D7EB144A1A82DF8100B0FF6C /* youmadeadifference.png in Resources */,
				D7119E321A98041400457A5B /* 20p2x.png in Resources */,
				D721D4091A9E75FA007DE687 /* iPhone6.png in Resources */,
				D75C1BEC1AA1591C003D0E3B /* 57.png in Resources */,
				D71BFF631A85AE8300B48207 /* splash-640x960.png in Resources */,
				D7607DFB1AB24CE50042F642 /* About.png in Resources */,
				D7EB14481A82DF8100B0FF6C /* youaremysuperhero.png in Resources */,
				D7607DF71AB24CE50042F642 /* Share@2x.png in Resources */,
				B1829D441A6A106800B08E2F /* Main.storyboard in Resources */,
				D7EB144D1A82DF8100B0FF6C /* yourawesomeness.png in Resources */,
				B1829D491A6A106800B08E2F /* LaunchScreen.xib in Resources */,
				D7936FD31AAFAC8200943CA4 /* background-640x960logo.png in Resources */,
				D7607E021AB24E840042F642 /* AboutScreenIcon@2x.png in Resources */,
				D75C1BEB1AA1591C003D0E3B /* 29.png in Resources */,
				D75C1BED1AA1591C003D0E3B /* 58.png in Resources */,
				D7119E331A98041400457A5B /* 20p3x copy.png in Resources */,
				D75C1BF11AA1591C003D0E3B /* 180.png in Resources */,
				D70A04BD1A85B36A0006763A /* 640 X 960.png in Resources */,
				D7EB14121A82DF7B00B0FF6C /* background-750x1334.png in Resources */,
				D7119E351A98041400457A5B /* 40p2x.png in Resources */,
				D7607DF11AB24CE50042F642 /* Share@3x.png in Resources */,
				D7EB14161A82DF7B00B0FF6C /* screen-layout-640x960.png in Resources */,
				D7607DFA1AB24CE50042F642 /* Settings@2x.png in Resources */,
				D7607E031AB24E840042F642 /* AboutScreenIcon@3x.png in Resources */,
				D7607DFE1AB24CE50042F642 /* Rate@2x.png in Resources */,
				D71BFF6A1A85B03E00B48207 /* splashlogo.png in Resources */,
				D7EB143A1A82DF8100B0FF6C /* awwthatwassweet.png in Resources */,
				D7EB144C1A82DF8100B0FF6C /* youmakemelaugh.png in Resources */,
				D7119E341A98041400457A5B /* 29p1x.png in Resources */,
				D70A04BF1A85B3780006763A /* 750 X 1334.png in Resources */,
				D7607DF21AB24CE50042F642 /* Share.png in Resources */,
				D7607E041AB24E840042F642 /* AboutScreenIcon.png in Resources */,
				B1829D461A6A106800B08E2F /* Images.xcassets in Resources */,
				D7607DF41AB24CE50042F642 /* Feedback.png in Resources */,
				D75C1BF31AA15CA0003D0E3B /* iPhone4.png in Resources */,
				D7EB143D1A82DF8100B0FF6C /* ioweyoubigtime.png in Resources */,
				D7EB14471A82DF8100B0FF6C /* youareamazing.png in Resources */,
				D7EB14431A82DF8100B0FF6C /* uralifesaver.png in Resources */,
				D7936FD91AAFB2FD00943CA4 /* Menu@2x.png in Resources */,
				D721D40A1A9E75FA007DE687 /* iPhone5.png in Resources */,
				D7607DDD1AB249980042F642 /* MainLogo@3x.png in Resources */,
				D75C1BF01AA1591C003D0E3B /* 120.png in Resources */,
				D7EB14111A82DF7B00B0FF6C /* background-640x960.png in Resources */,
				D7936FD71AAFAC8200943CA4 /* background-iphone6pluswithlogo.png in Resources */,
				D7843CA01AA5299C006F3C90 /* 87.png in Resources */,
				D7EB14401A82DF8100B0FF6C /* thanksforlettingshare.png in Resources */,
				D70A04CE1A8AD5020006763A /* color.png in Resources */,
				D7EB144B1A82DF8100B0FF6C /* youmademyday.png in Resources */,
				D7EB14181A82DF7B00B0FF6C /* sponsor-logo.png in Resources */,
				D7EB14421A82DF8100B0FF6C /* togetherunstoppable.png in Resources */,
				D7EB14411A82DF8100B0FF6C /* thxforlol.png in Resources */,
				D7936FD51AAFAC8200943CA4 /* background-750x1334logo.png in Resources */,
				D7936FD41AAFAC8200943CA4 /* background-640x1136.png in Resources */,
				D7607DF91AB24CE50042F642 /* Feedback@2x.png in Resources */,
				D7607DF51AB24CE50042F642 /* Settings.png in Resources */,
				D7EB143C1A82DF8100B0FF6C /* icherishthetime.png in Resources */,
				D7EB14491A82DF8100B0FF6C /* yougogirl.png in Resources */,
				D7843CA11AA5299C006F3C90 /* 152.png in Resources */,
				D7EB14141A82DF7B00B0FF6C /* heart.png in Resources */,
				D7936FD61AAFAC8200943CA4 /* background-1080x1920logo.png in Resources */,
				D7843CAB1AA66AFE006F3C90 /* more.png in Resources */,
				D7843C9F1AA5299C006F3C90 /* 76.png in Resources */,
				D7EB143F1A82DF8100B0FF6C /* sog8ful4u.png in Resources */,
				D7EB14441A82DF8100B0FF6C /* wemakeateam.png in Resources */,
				D75C1BEE1AA1591C003D0E3B /* 80.png in Resources */,
				D7607DFD1AB24CE50042F642 /* Feedback@3x.png in Resources */,
				D75C1BEF1AA1591C003D0E3B /* 114.png in Resources */,
				D71BFF641A85AE8300B48207 /* splash-750x1334.png in Resources */,
				D7607DDE1AB249980042F642 /* MainLogo@2x.png in Resources */,
				D7843C9E1AA5299C006F3C90 /* 40.png in Resources */,
				D7607DF61AB24CE50042F642 /* About@2x.png in Resources */,
				D727012E1A79D67B009CC549 /* B&Wlogo.png in Resources */,
				D7EB14391A82DF8100B0FF6C /* awesomewhatuare.png in Resources */,
				D7CDCD4E1A940D140065ED62 /* logo.png in Resources */,
				D7EB14461A82DF8100B0FF6C /* whenigrowup.png in Resources */,
				D7EB14451A82DF8100B0FF6C /* whatwouldido.png in Resources */,
				D7936FCD1AAF8B6A00943CA4 /* aboutAppIcon.png in Resources */,
				D7EB14151A82DF7B00B0FF6C /* quotes.png in Resources */,
				D7607DF01AB24CE50042F642 /* Rate@3x.png in Resources */,
				D7EB143B1A82DF8100B0FF6C /* iamsoblessed.png in Resources */,
				D7607DF81AB24CE50042F642 /* Rate.png in Resources */,
				D7607DF31AB24CE50042F642 /* Settings@3x.png in Resources */,
				D721D40B1A9E75FA007DE687 /* iPhone6plus.png in Resources */,
			);
			runOnlyForDeploymentPostprocessing = 0;
		};
		B1829D4C1A6A106800B08E2F /* Resources */ = {
			isa = PBXResourcesBuildPhase;
			buildActionMask = 2147483647;
			files = (
			);
			runOnlyForDeploymentPostprocessing = 0;
		};
/* End PBXResourcesBuildPhase section */

/* Begin PBXSourcesBuildPhase section */
		B1829D2E1A6A106800B08E2F /* Sources */ = {
			isa = PBXSourcesBuildPhase;
			buildActionMask = 2147483647;
			files = (
				D7607E341AB279720042F642 /* UIImageView+HighlightedWebCache.m in Sources */,
				D7F615D71AA6A55C001A773D /* shareViewController.m in Sources */,
				D7BD6F401A97D9B60005C838 /* Appirater.m in Sources */,
				D76BF7551A8FA48A00B43B2B /* bugViewController.m in Sources */,
				D70CEA3A1A9FE98600381109 /* initNavController.m in Sources */,
				B1829D3B1A6A106800B08E2F /* AppDelegate.m in Sources */,
				D7607E351AB279720042F642 /* UIImageView+WebCache.m in Sources */,
				B1829D641A6A13FA00B08E2F /* NavigationViewController.m in Sources */,
				D7F9176A1A74A6EA00672F31 /* navViewController.m in Sources */,
				D7607E301AB279720042F642 /* UIButton+WebCache.m in Sources */,
				D76BF7581A8FAB0700B43B2B /* SDiPhoneVersion.m in Sources */,
				D7CDCD4A1A93FC3C0065ED62 /* customlNavController.m in Sources */,
				D727010D1A788F4E009CC549 /* sonsorWVViewController.m in Sources */,
				D7607E311AB279720042F642 /* UIImage+GIF.m in Sources */,
				D7607E2F1AB279720042F642 /* SDWebImagePrefetcher.m in Sources */,
				D7F9176D1A74AE0C00672F31 /* webViewController.m in Sources */,
				D70A04D11A8AE5E00006763A /* slideNavController.m in Sources */,
				D7CDCD571A9431820065ED62 /* splashVC.m in Sources */,
				D7607E2A1AB279720042F642 /* SDWebImageCompat.m in Sources */,
				D7607E2C1AB279720042F642 /* SDWebImageDownloader.m in Sources */,
				D7607E2D1AB279720042F642 /* SDWebImageDownloaderOperation.m in Sources */,
				D7607E2B1AB279720042F642 /* SDWebImageDecoder.m in Sources */,
				D7607E2E1AB279720042F642 /* SDWebImageManager.m in Sources */,
				D7F917701A74B02F00672F31 /* aboutViewController.m in Sources */,
				D773ED891A7C904200F46396 /* editNavViewController.m in Sources */,
				D7F917761A74B39200672F31 /* feedbackViewController.m in Sources */,
				D7CDCD471A93F0D50065ED62 /* navBar.m in Sources */,
				D721D40F1A9E9783007DE687 /* UIView+RoundedCorners.m in Sources */,
				D7607E361AB279720042F642 /* UIView+WebCacheOperation.m in Sources */,
				D7CDCD541A94281C0065ED62 /* UIScrollView+TPKeyboardAvoidingAdditions.m in Sources */,
				B1829D681A6A1D5200B08E2F /* gushEditViewController.m in Sources */,
				D7F615DD1AA7A98D001A773D /* NSString+NSHash.m in Sources */,
				D72701101A789B46009CC549 /* doneNavViewController.m in Sources */,
				D7CDCDFD1A96CBDA0065ED62 /* AsyncImageDownloader.m in Sources */,
				D7607E271AB279720042F642 /* MKAnnotationView+WebCache.m in Sources */,
				D7607E321AB279720042F642 /* UIImage+MultiFormat.m in Sources */,
				D72701081A788B44009CC549 /* doneViewController.m in Sources */,
				D7607E281AB279720042F642 /* NSData+ImageContentType.m in Sources */,
				B1DF0D651A6ABC5D00220294 /* dataClass.m in Sources */,
				D7607E331AB279720042F642 /* UIImage+WebP.m in Sources */,
				D7F615DC1AA7A98D001A773D /* NSData+NSHash.m in Sources */,
				B1829D3E1A6A106800B08E2F /* FirstViewController.m in Sources */,
				D708D5591ACB584B0044EAB5 /* about2ViewController.m in Sources */,
				B1829D381A6A106800B08E2F /* main.m in Sources */,
				D727006E1A770DC0009CC549 /* SettingsTableViewController.m in Sources */,
				D7607E3E1AB38BA30042F642 /* Reachability.m in Sources */,
				D7CDCD511A9427990065ED62 /* TPKeyboardAvoidingScrollView.m in Sources */,
				B13DC2A21A6AB76A0048B831 /* SWRevealViewController.m in Sources */,
				D7607E291AB279720042F642 /* SDImageCache.m in Sources */,
			);
			runOnlyForDeploymentPostprocessing = 0;
		};
		B1829D4A1A6A106800B08E2F /* Sources */ = {
			isa = PBXSourcesBuildPhase;
			buildActionMask = 2147483647;
			files = (
				B1829D551A6A106800B08E2F /* WeGushTests.m in Sources */,
			);
			runOnlyForDeploymentPostprocessing = 0;
		};
/* End PBXSourcesBuildPhase section */

/* Begin PBXTargetDependency section */
		B1829D501A6A106800B08E2F /* PBXTargetDependency */ = {
			isa = PBXTargetDependency;
			target = B1829D311A6A106800B08E2F /* WeGush */;
			targetProxy = B1829D4F1A6A106800B08E2F /* PBXContainerItemProxy */;
		};
/* End PBXTargetDependency section */

/* Begin PBXVariantGroup section */
		B1829D421A6A106800B08E2F /* Main.storyboard */ = {
			isa = PBXVariantGroup;
			children = (
				B1829D431A6A106800B08E2F /* Base */,
			);
			name = Main.storyboard;
			sourceTree = "<group>";
		};
		B1829D471A6A106800B08E2F /* LaunchScreen.xib */ = {
			isa = PBXVariantGroup;
			children = (
				B1829D481A6A106800B08E2F /* Base */,
			);
			name = LaunchScreen.xib;
			sourceTree = "<group>";
		};
/* End PBXVariantGroup section */

/* Begin XCBuildConfiguration section */
		B1829D561A6A106800B08E2F /* Debug */ = {
			isa = XCBuildConfiguration;
			buildSettings = {
				ALWAYS_SEARCH_USER_PATHS = NO;
				CLANG_CXX_LANGUAGE_STANDARD = "gnu++0x";
				CLANG_CXX_LIBRARY = "libc++";
				CLANG_ENABLE_MODULES = YES;
				CLANG_ENABLE_OBJC_ARC = YES;
				CLANG_WARN_BOOL_CONVERSION = YES;
				CLANG_WARN_CONSTANT_CONVERSION = YES;
				CLANG_WARN_DIRECT_OBJC_ISA_USAGE = YES_ERROR;
				CLANG_WARN_EMPTY_BODY = YES;
				CLANG_WARN_ENUM_CONVERSION = YES;
				CLANG_WARN_INT_CONVERSION = YES;
				CLANG_WARN_OBJC_ROOT_CLASS = YES_ERROR;
				CLANG_WARN_UNREACHABLE_CODE = YES;
				CLANG_WARN__DUPLICATE_METHOD_MATCH = YES;
				CODE_SIGN_IDENTITY = "iPhone Developer: Henry Katz (URM3J5KJ5U)";
				"CODE_SIGN_IDENTITY[sdk=iphoneos*]" = "iPhone Developer: Henry Katz (URM3J5KJ5U)";
				COPY_PHASE_STRIP = NO;
				ENABLE_STRICT_OBJC_MSGSEND = YES;
				GCC_C_LANGUAGE_STANDARD = gnu99;
				GCC_DYNAMIC_NO_PIC = NO;
				GCC_OPTIMIZATION_LEVEL = 0;
				GCC_PREPROCESSOR_DEFINITIONS = (
					"DEBUG=1",
					"$(inherited)",
				);
				GCC_SYMBOLS_PRIVATE_EXTERN = NO;
				GCC_WARN_64_TO_32_BIT_CONVERSION = YES;
				GCC_WARN_ABOUT_RETURN_TYPE = YES_ERROR;
				GCC_WARN_UNDECLARED_SELECTOR = YES;
				GCC_WARN_UNINITIALIZED_AUTOS = YES_AGGRESSIVE;
				GCC_WARN_UNUSED_FUNCTION = YES;
				GCC_WARN_UNUSED_VARIABLE = YES;
				IPHONEOS_DEPLOYMENT_TARGET = 8.1;
				MTL_ENABLE_DEBUG_INFO = YES;
				ONLY_ACTIVE_ARCH = YES;
				PROVISIONING_PROFILE = "dc52e1ae-10c6-48cf-a2e5-e8dc1cb64a60";
				SDKROOT = iphoneos;
			};
			name = Debug;
		};
		B1829D571A6A106800B08E2F /* Release */ = {
			isa = XCBuildConfiguration;
			buildSettings = {
				ALWAYS_SEARCH_USER_PATHS = NO;
				CLANG_CXX_LANGUAGE_STANDARD = "gnu++0x";
				CLANG_CXX_LIBRARY = "libc++";
				CLANG_ENABLE_MODULES = YES;
				CLANG_ENABLE_OBJC_ARC = YES;
				CLANG_WARN_BOOL_CONVERSION = YES;
				CLANG_WARN_CONSTANT_CONVERSION = YES;
				CLANG_WARN_DIRECT_OBJC_ISA_USAGE = YES_ERROR;
				CLANG_WARN_EMPTY_BODY = YES;
				CLANG_WARN_ENUM_CONVERSION = YES;
				CLANG_WARN_INT_CONVERSION = YES;
				CLANG_WARN_OBJC_ROOT_CLASS = YES_ERROR;
				CLANG_WARN_UNREACHABLE_CODE = YES;
				CLANG_WARN__DUPLICATE_METHOD_MATCH = YES;
				CODE_SIGN_IDENTITY = "iPhone Developer: Henry Katz (URM3J5KJ5U)";
				"CODE_SIGN_IDENTITY[sdk=iphoneos*]" = "iPhone Developer: Henry Katz (URM3J5KJ5U)";
				COPY_PHASE_STRIP = YES;
				ENABLE_NS_ASSERTIONS = NO;
				ENABLE_STRICT_OBJC_MSGSEND = YES;
				GCC_C_LANGUAGE_STANDARD = gnu99;
				GCC_WARN_64_TO_32_BIT_CONVERSION = YES;
				GCC_WARN_ABOUT_RETURN_TYPE = YES_ERROR;
				GCC_WARN_UNDECLARED_SELECTOR = YES;
				GCC_WARN_UNINITIALIZED_AUTOS = YES_AGGRESSIVE;
				GCC_WARN_UNUSED_FUNCTION = YES;
				GCC_WARN_UNUSED_VARIABLE = YES;
				IPHONEOS_DEPLOYMENT_TARGET = 8.1;
				MTL_ENABLE_DEBUG_INFO = NO;
				PROVISIONING_PROFILE = "dc52e1ae-10c6-48cf-a2e5-e8dc1cb64a60";
				SDKROOT = iphoneos;
				VALIDATE_PRODUCT = YES;
			};
			name = Release;
		};
		B1829D591A6A106800B08E2F /* Debug */ = {
			isa = XCBuildConfiguration;
			buildSettings = {
				ASSETCATALOG_COMPILER_APPICON_NAME = AppIcon;
				ASSETCATALOG_COMPILER_LAUNCHIMAGE_NAME = LaunchImage;
				CODE_SIGN_IDENTITY = "iPhone Developer";
				"CODE_SIGN_IDENTITY[sdk=iphoneos*]" = "iPhone Distribution: WeGush, Inc.";
				INFOPLIST_FILE = WeGush/Info.plist;
				IPHONEOS_DEPLOYMENT_TARGET = 7.0;
				LD_RUNPATH_SEARCH_PATHS = "$(inherited) @executable_path/Frameworks";
				LIBRARY_SEARCH_PATHS = (
					"$(inherited)",
					"$(PROJECT_DIR)/WeGush",
				);
				PRODUCT_NAME = "$(TARGET_NAME)";
				PROVISIONING_PROFILE = "78de1cd1-7809-4be6-8128-6e07d8b72f82";
				TARGETED_DEVICE_FAMILY = 1;
			};
			name = Debug;
		};
		B1829D5A1A6A106800B08E2F /* Release */ = {
			isa = XCBuildConfiguration;
			buildSettings = {
				ASSETCATALOG_COMPILER_APPICON_NAME = AppIcon;
				ASSETCATALOG_COMPILER_LAUNCHIMAGE_NAME = LaunchImage;
				CODE_SIGN_IDENTITY = "iPhone Developer";
				"CODE_SIGN_IDENTITY[sdk=iphoneos*]" = "iPhone Distribution: WeGush, Inc.";
				INFOPLIST_FILE = WeGush/Info.plist;
				IPHONEOS_DEPLOYMENT_TARGET = 7.0;
				LD_RUNPATH_SEARCH_PATHS = "$(inherited) @executable_path/Frameworks";
				LIBRARY_SEARCH_PATHS = (
					"$(inherited)",
					"$(PROJECT_DIR)/WeGush",
				);
				PRODUCT_NAME = "$(TARGET_NAME)";
				PROVISIONING_PROFILE = "78de1cd1-7809-4be6-8128-6e07d8b72f82";
				TARGETED_DEVICE_FAMILY = 1;
			};
			name = Release;
		};
		B1829D5C1A6A106800B08E2F /* Debug */ = {
			isa = XCBuildConfiguration;
			buildSettings = {
				BUNDLE_LOADER = "$(TEST_HOST)";
				FRAMEWORK_SEARCH_PATHS = (
					"$(SDKROOT)/Developer/Library/Frameworks",
					"$(inherited)",
				);
				GCC_PREPROCESSOR_DEFINITIONS = (
					"DEBUG=1",
					"$(inherited)",
				);
				INFOPLIST_FILE = WeGushTests/Info.plist;
				LD_RUNPATH_SEARCH_PATHS = "$(inherited) @executable_path/Frameworks @loader_path/Frameworks";
				PRODUCT_NAME = "$(TARGET_NAME)";
				TEST_HOST = "$(BUILT_PRODUCTS_DIR)/WeGush.app/WeGush";
			};
			name = Debug;
		};
		B1829D5D1A6A106800B08E2F /* Release */ = {
			isa = XCBuildConfiguration;
			buildSettings = {
				BUNDLE_LOADER = "$(TEST_HOST)";
				FRAMEWORK_SEARCH_PATHS = (
					"$(SDKROOT)/Developer/Library/Frameworks",
					"$(inherited)",
				);
				INFOPLIST_FILE = WeGushTests/Info.plist;
				LD_RUNPATH_SEARCH_PATHS = "$(inherited) @executable_path/Frameworks @loader_path/Frameworks";
				PRODUCT_NAME = "$(TARGET_NAME)";
				TEST_HOST = "$(BUILT_PRODUCTS_DIR)/WeGush.app/WeGush";
			};
			name = Release;
		};
/* End XCBuildConfiguration section */

/* Begin XCConfigurationList section */
		B1829D2D1A6A106700B08E2F /* Build configuration list for PBXProject "WeGush" */ = {
			isa = XCConfigurationList;
			buildConfigurations = (
				B1829D561A6A106800B08E2F /* Debug */,
				B1829D571A6A106800B08E2F /* Release */,
			);
			defaultConfigurationIsVisible = 0;
			defaultConfigurationName = Release;
		};
		B1829D581A6A106800B08E2F /* Build configuration list for PBXNativeTarget "WeGush" */ = {
			isa = XCConfigurationList;
			buildConfigurations = (
				B1829D591A6A106800B08E2F /* Debug */,
				B1829D5A1A6A106800B08E2F /* Release */,
			);
			defaultConfigurationIsVisible = 0;
			defaultConfigurationName = Release;
		};
		B1829D5B1A6A106800B08E2F /* Build configuration list for PBXNativeTarget "WeGushTests" */ = {
			isa = XCConfigurationList;
			buildConfigurations = (
				B1829D5C1A6A106800B08E2F /* Debug */,
				B1829D5D1A6A106800B08E2F /* Release */,
			);
			defaultConfigurationIsVisible = 0;
			defaultConfigurationName = Release;
		};
/* End XCConfigurationList section */
	};
	rootObject = B1829D2A1A6A106700B08E2F /* Project object */;
}
